
Microsoft Visual Studio Solution File, Format Version 12.00
# Visual Studio Version 16
VisualStudioVersion = 16.0.28729.10
MinimumVisualStudioVersion = 15.0.26730.10
Project("{2150E333-8FDC-42A3-9474-1A3956D46DE8}") = ".nuget", ".nuget", "{1EA29F05-BF68-4BA8-A58F-C7C131E3FC62}"
	ProjectSection(SolutionItems) = preProject
		.nuget\NuGet.Config = .nuget\NuGet.Config
	EndProjectSection
EndProject
Project("{2150E333-8FDC-42A3-9474-1A3956D46DE8}") = ".Solution Items", ".Solution Items", "{258ABD2A-ACCA-4226-AEDD-B9C74075B367}"
	ProjectSection(SolutionItems) = preProject
		..\appveyor.yml = ..\appveyor.yml
		..\build.ps1 = ..\build.ps1
		..\build_appveyor.ps1 = ..\build_appveyor.ps1
		..\CHANGELOG.md = ..\CHANGELOG.md
		CommonAssemblyInfo.cs = CommonAssemblyInfo.cs
		..\default.ps1 = ..\default.ps1
		..\functions.ps1 = ..\functions.ps1
		..\GitVersion.yml = ..\GitVersion.yml
		..\nuget\io.ably.nuspec = ..\nuget\io.ably.nuspec
		IO.Ably.ruleset = IO.Ably.ruleset
		..\nuget\io.ably_msgpack.nuspec = ..\nuget\io.ably_msgpack.nuspec
		..\package.ps1 = ..\package.ps1
		..\package_appveyor.ps1 = ..\package_appveyor.ps1
		..\README.md = ..\README.md
		stylecop.json = stylecop.json
	EndProjectSection
EndProject
Project("{2150E333-8FDC-42A3-9474-1A3956D46DE8}") = "Ably", "Ably", "{8A0F718E-2168-4CC7-8F7B-A65508B52B0F}"
EndProject
Project("{FAE04EC0-301F-11D3-BF4B-00C04F79EFBC}") = "IO.Ably.UWP", "IO.Ably.UWP\IO.Ably.UWP.csproj", "{3180AA9D-9800-4EB2-87F0-ADA47E2FFF3D}"
EndProject
Project("{D954291E-2A0B-460D-934E-DC6B0785DB48}") = "IO.Ably.Shared", "IO.Ably.Shared\IO.Ably.Shared.shproj", "{3553E1B2-8F1F-4E83-9524-08E702C14FCF}"
EndProject
Project("{D954291E-2A0B-460D-934E-DC6B0785DB48}") = "IO.Ably.Shared.MsgPack", "IO.Ably.Shared.MsgPack\IO.Ably.Shared.MsgPack.shproj", "{EEBF3249-3CA3-4078-A188-F8B916C3F4C2}"
EndProject
Global
	GlobalSection(SharedMSBuildProjectFiles) = preSolution
		IO.Ably.Shared\IO.Ably.Shared.projitems*{3180aa9d-9800-4eb2-87f0-ada47e2fff3d}*SharedItemsImports = 4
		IO.Ably.Shared\IO.Ably.Shared.projitems*{3553e1b2-8f1f-4e83-9524-08e702c14fcf}*SharedItemsImports = 13
		IO.Ably.Shared.MsgPack\IO.Ably.Shared.MsgPack.projitems*{eebf3249-3ca3-4078-a188-f8b916c3f4c2}*SharedItemsImports = 13
	EndGlobalSection
	GlobalSection(SolutionConfigurationPlatforms) = preSolution
		AppStore|Any CPU = AppStore|Any CPU
		AppStore|ARM = AppStore|ARM
		AppStore|x64 = AppStore|x64
		AppStore|x86 = AppStore|x86
		CI_Release|Any CPU = CI_Release|Any CPU
		CI_Release|ARM = CI_Release|ARM
		CI_Release|x64 = CI_Release|x64
		CI_Release|x86 = CI_Release|x86
		Debug 4.0|Any CPU = Debug 4.0|Any CPU
		Debug 4.0|ARM = Debug 4.0|ARM
		Debug 4.0|x64 = Debug 4.0|x64
		Debug 4.0|x86 = Debug 4.0|x86
		Debug|Any CPU = Debug|Any CPU
		Debug|ARM = Debug|ARM
		Debug|x64 = Debug|x64
		Debug|x86 = Debug|x86
		package_netstandard|Any CPU = package_netstandard|Any CPU
		package_netstandard|ARM = package_netstandard|ARM
		package_netstandard|x64 = package_netstandard|x64
		package_netstandard|x86 = package_netstandard|x86
		package|Any CPU = package|Any CPU
		package|ARM = package|ARM
		package|x64 = package|x64
		package|x86 = package|x86
		Release 4.0|Any CPU = Release 4.0|Any CPU
		Release 4.0|ARM = Release 4.0|ARM
		Release 4.0|x64 = Release 4.0|x64
		Release 4.0|x86 = Release 4.0|x86
		Release|Any CPU = Release|Any CPU
		Release|ARM = Release|ARM
		Release|x64 = Release|x64
		Release|x86 = Release|x86
	EndGlobalSection
	GlobalSection(ProjectConfigurationPlatforms) = postSolution
		{3180AA9D-9800-4EB2-87F0-ADA47E2FFF3D}.AppStore|Any CPU.ActiveCfg = Release|Any CPU
		{3180AA9D-9800-4EB2-87F0-ADA47E2FFF3D}.AppStore|Any CPU.Build.0 = Release|Any CPU
		{3180AA9D-9800-4EB2-87F0-ADA47E2FFF3D}.AppStore|ARM.ActiveCfg = Release|ARM
		{3180AA9D-9800-4EB2-87F0-ADA47E2FFF3D}.AppStore|ARM.Build.0 = Release|ARM
		{3180AA9D-9800-4EB2-87F0-ADA47E2FFF3D}.AppStore|x64.ActiveCfg = Release|x64
		{3180AA9D-9800-4EB2-87F0-ADA47E2FFF3D}.AppStore|x64.Build.0 = Release|x64
		{3180AA9D-9800-4EB2-87F0-ADA47E2FFF3D}.AppStore|x86.ActiveCfg = Release|x86
		{3180AA9D-9800-4EB2-87F0-ADA47E2FFF3D}.AppStore|x86.Build.0 = Release|x86
		{3180AA9D-9800-4EB2-87F0-ADA47E2FFF3D}.CI_Release|Any CPU.ActiveCfg = CI_Release|Any CPU
		{3180AA9D-9800-4EB2-87F0-ADA47E2FFF3D}.CI_Release|Any CPU.Build.0 = CI_Release|Any CPU
		{3180AA9D-9800-4EB2-87F0-ADA47E2FFF3D}.CI_Release|ARM.ActiveCfg = CI_Release|ARM
		{3180AA9D-9800-4EB2-87F0-ADA47E2FFF3D}.CI_Release|ARM.Build.0 = CI_Release|ARM
		{3180AA9D-9800-4EB2-87F0-ADA47E2FFF3D}.CI_Release|x64.ActiveCfg = CI_Release|x64
		{3180AA9D-9800-4EB2-87F0-ADA47E2FFF3D}.CI_Release|x64.Build.0 = CI_Release|x64
		{3180AA9D-9800-4EB2-87F0-ADA47E2FFF3D}.CI_Release|x86.ActiveCfg = CI_Release|x86
		{3180AA9D-9800-4EB2-87F0-ADA47E2FFF3D}.CI_Release|x86.Build.0 = CI_Release|x86
		{3180AA9D-9800-4EB2-87F0-ADA47E2FFF3D}.Debug 4.0|Any CPU.ActiveCfg = Debug|Any CPU
		{3180AA9D-9800-4EB2-87F0-ADA47E2FFF3D}.Debug 4.0|Any CPU.Build.0 = Debug|Any CPU
		{3180AA9D-9800-4EB2-87F0-ADA47E2FFF3D}.Debug 4.0|ARM.ActiveCfg = Debug|ARM
		{3180AA9D-9800-4EB2-87F0-ADA47E2FFF3D}.Debug 4.0|ARM.Build.0 = Debug|ARM
		{3180AA9D-9800-4EB2-87F0-ADA47E2FFF3D}.Debug 4.0|x64.ActiveCfg = Debug|x64
		{3180AA9D-9800-4EB2-87F0-ADA47E2FFF3D}.Debug 4.0|x64.Build.0 = Debug|x64
		{3180AA9D-9800-4EB2-87F0-ADA47E2FFF3D}.Debug 4.0|x86.ActiveCfg = Debug|x86
		{3180AA9D-9800-4EB2-87F0-ADA47E2FFF3D}.Debug 4.0|x86.Build.0 = Debug|x86
		{3180AA9D-9800-4EB2-87F0-ADA47E2FFF3D}.Debug|Any CPU.ActiveCfg = Debug|Any CPU
		{3180AA9D-9800-4EB2-87F0-ADA47E2FFF3D}.Debug|Any CPU.Build.0 = Debug|Any CPU
		{3180AA9D-9800-4EB2-87F0-ADA47E2FFF3D}.Debug|ARM.ActiveCfg = Debug|ARM
		{3180AA9D-9800-4EB2-87F0-ADA47E2FFF3D}.Debug|ARM.Build.0 = Debug|ARM
		{3180AA9D-9800-4EB2-87F0-ADA47E2FFF3D}.Debug|x64.ActiveCfg = Debug|x64
		{3180AA9D-9800-4EB2-87F0-ADA47E2FFF3D}.Debug|x64.Build.0 = Debug|x64
		{3180AA9D-9800-4EB2-87F0-ADA47E2FFF3D}.Debug|x86.ActiveCfg = Debug|x86
		{3180AA9D-9800-4EB2-87F0-ADA47E2FFF3D}.Debug|x86.Build.0 = Debug|x86
		{3180AA9D-9800-4EB2-87F0-ADA47E2FFF3D}.package_netstandard|Any CPU.ActiveCfg = package|Any CPU
		{3180AA9D-9800-4EB2-87F0-ADA47E2FFF3D}.package_netstandard|Any CPU.Build.0 = package|Any CPU
		{3180AA9D-9800-4EB2-87F0-ADA47E2FFF3D}.package_netstandard|ARM.ActiveCfg = package|ARM
		{3180AA9D-9800-4EB2-87F0-ADA47E2FFF3D}.package_netstandard|ARM.Build.0 = package|ARM
		{3180AA9D-9800-4EB2-87F0-ADA47E2FFF3D}.package_netstandard|x64.ActiveCfg = package|x64
		{3180AA9D-9800-4EB2-87F0-ADA47E2FFF3D}.package_netstandard|x64.Build.0 = package|x64
		{3180AA9D-9800-4EB2-87F0-ADA47E2FFF3D}.package_netstandard|x86.ActiveCfg = package|x86
		{3180AA9D-9800-4EB2-87F0-ADA47E2FFF3D}.package_netstandard|x86.Build.0 = package|x86
		{3180AA9D-9800-4EB2-87F0-ADA47E2FFF3D}.package|Any CPU.ActiveCfg = package|Any CPU
		{3180AA9D-9800-4EB2-87F0-ADA47E2FFF3D}.package|Any CPU.Build.0 = package|Any CPU
		{3180AA9D-9800-4EB2-87F0-ADA47E2FFF3D}.package|ARM.ActiveCfg = package|ARM
		{3180AA9D-9800-4EB2-87F0-ADA47E2FFF3D}.package|ARM.Build.0 = package|ARM
		{3180AA9D-9800-4EB2-87F0-ADA47E2FFF3D}.package|x64.ActiveCfg = package|x64
		{3180AA9D-9800-4EB2-87F0-ADA47E2FFF3D}.package|x64.Build.0 = package|x64
		{3180AA9D-9800-4EB2-87F0-ADA47E2FFF3D}.package|x86.ActiveCfg = package|x86
		{3180AA9D-9800-4EB2-87F0-ADA47E2FFF3D}.package|x86.Build.0 = package|x86
		{3180AA9D-9800-4EB2-87F0-ADA47E2FFF3D}.Release 4.0|Any CPU.ActiveCfg = Release|Any CPU
		{3180AA9D-9800-4EB2-87F0-ADA47E2FFF3D}.Release 4.0|Any CPU.Build.0 = Release|Any CPU
		{3180AA9D-9800-4EB2-87F0-ADA47E2FFF3D}.Release 4.0|ARM.ActiveCfg = Release|ARM
		{3180AA9D-9800-4EB2-87F0-ADA47E2FFF3D}.Release 4.0|ARM.Build.0 = Release|ARM
		{3180AA9D-9800-4EB2-87F0-ADA47E2FFF3D}.Release 4.0|x64.ActiveCfg = Release|x64
		{3180AA9D-9800-4EB2-87F0-ADA47E2FFF3D}.Release 4.0|x64.Build.0 = Release|x64
		{3180AA9D-9800-4EB2-87F0-ADA47E2FFF3D}.Release 4.0|x86.ActiveCfg = Release|x86
		{3180AA9D-9800-4EB2-87F0-ADA47E2FFF3D}.Release 4.0|x86.Build.0 = Release|x86
		{3180AA9D-9800-4EB2-87F0-ADA47E2FFF3D}.Release|Any CPU.ActiveCfg = Release|Any CPU
		{3180AA9D-9800-4EB2-87F0-ADA47E2FFF3D}.Release|Any CPU.Build.0 = Release|Any CPU
		{3180AA9D-9800-4EB2-87F0-ADA47E2FFF3D}.Release|ARM.ActiveCfg = Release|ARM
		{3180AA9D-9800-4EB2-87F0-ADA47E2FFF3D}.Release|ARM.Build.0 = Release|ARM
		{3180AA9D-9800-4EB2-87F0-ADA47E2FFF3D}.Release|x64.ActiveCfg = Release|x64
		{3180AA9D-9800-4EB2-87F0-ADA47E2FFF3D}.Release|x64.Build.0 = Release|x64
		{3180AA9D-9800-4EB2-87F0-ADA47E2FFF3D}.Release|x86.ActiveCfg = Release|x86
		{3180AA9D-9800-4EB2-87F0-ADA47E2FFF3D}.Release|x86.Build.0 = Release|x86
	EndGlobalSection
	GlobalSection(SolutionProperties) = preSolution
		HideSolutionNode = FALSE
	EndGlobalSection
	GlobalSection(NestedProjects) = preSolution
		{3180AA9D-9800-4EB2-87F0-ADA47E2FFF3D} = {8A0F718E-2168-4CC7-8F7B-A65508B52B0F}
		{3553E1B2-8F1F-4E83-9524-08E702C14FCF} = {8A0F718E-2168-4CC7-8F7B-A65508B52B0F}
		{EEBF3249-3CA3-4078-A188-F8B916C3F4C2} = {8A0F718E-2168-4CC7-8F7B-A65508B52B0F}
	EndGlobalSection
	GlobalSection(ExtensibilityGlobals) = postSolution
		SolutionGuid = {F69D4156-FC22-4B8E-AD72-2A7323D42CC4}
	EndGlobalSection
EndGlobal
