
Microsoft Visual Studio Solution File, Format Version 12.00
# Visual Studio Version 16
VisualStudioVersion = 16.0.28729.10
MinimumVisualStudioVersion = 15.0.26730.10
Project("{2150E333-8FDC-42A3-9474-1A3956D46DE8}") = ".nuget", ".nuget", "{1EA29F05-BF68-4BA8-A58F-C7C131E3FC62}"
	ProjectSection(SolutionItems) = preProject
		.nuget\NuGet.Config = .nuget\NuGet.Config
	EndProjectSection
EndProject
Project("{2150E333-8FDC-42A3-9474-1A3956D46DE8}") = ".Solution Items", ".Solution Items", "{258ABD2A-ACCA-4226-AEDD-B9C74075B367}"
	ProjectSection(SolutionItems) = preProject
		..\appveyor.yml = ..\appveyor.yml
		..\CHANGELOG.md = ..\CHANGELOG.md
		CommonAssemblyInfo.cs = CommonAssemblyInfo.cs
		..\nuget\io.ably.nuspec = ..\nuget\io.ably.nuspec
		IO.Ably.ruleset = IO.Ably.ruleset
		..\nuget\io.ably_msgpack.nuspec = ..\nuget\io.ably_msgpack.nuspec
		..\README.md = ..\README.md
		stylecop.json = stylecop.json
	EndProjectSection
EndProject
Project("{2150E333-8FDC-42A3-9474-1A3956D46DE8}") = "Ably", "Ably", "{8A0F718E-2168-4CC7-8F7B-A65508B52B0F}"
EndProject
Project("{2150E333-8FDC-42A3-9474-1A3956D46DE8}") = "External", "External", "{390019FF-0139-4EB0-90FF-9BF6E68BEB42}"
EndProject
Project("{2150E333-8FDC-42A3-9474-1A3956D46DE8}") = "Tests", "Tests", "{C2F43DB7-AAA0-4687-9897-5D686EC91245}"
EndProject
Project("{FAE04EC0-301F-11D3-BF4B-00C04F79EFBC}") = "IO.Ably.Android", "IO.Ably.Android\IO.Ably.Android.csproj", "{24B6FC97-9D3D-46AE-B5CB-47458354BEE1}"
EndProject
Project("{FAE04EC0-301F-11D3-BF4B-00C04F79EFBC}") = "IO.Ably.iOS", "IO.Ably.iOS\IO.Ably.iOS.csproj", "{8BB7B13C-E9F4-4D1B-BCCC-AF890A23ECE6}"
EndProject
Project("{D954291E-2A0B-460D-934E-DC6B0785DB48}") = "IO.Ably.Shared", "IO.Ably.Shared\IO.Ably.Shared.shproj", "{3553E1B2-8F1F-4E83-9524-08E702C14FCF}"
EndProject
Project("{D954291E-2A0B-460D-934E-DC6B0785DB48}") = "IO.Ably.Shared.MsgPack", "IO.Ably.Shared.MsgPack\IO.Ably.Shared.MsgPack.shproj", "{EEBF3249-3CA3-4078-A188-F8B916C3F4C2}"
EndProject
Project("{D954291E-2A0B-460D-934E-DC6B0785DB48}") = "IO.Ably.Tests.Shared", "IO.Ably.Tests.Shared\IO.Ably.Tests.Shared.shproj", "{1609F12C-8216-4E7C-ADE0-240BFE160242}"
EndProject
Project("{9A19103F-16F7-4668-BE54-9A1E7A4F7556}") = "IO.Ably.DeltaCodec", "..\lib\delta-codec\IO.Ably.DeltaCodec\IO.Ably.DeltaCodec.csproj", "{53CA3FD4-E11A-4368-A7A5-BCAB40D08BED}"
EndProject
Project("{9A19103F-16F7-4668-BE54-9A1E7A4F7556}") = "IO.Ably.NETStandard20", "IO.Ably.NETStandard20\IO.Ably.NETStandard20.csproj", "{97ED15E5-6546-4437-BF4F-B929700CE922}"
EndProject
Project("{FAE04EC0-301F-11D3-BF4B-00C04F79EFBC}") = "IO.Ably.Push.Android", "IO.Ably.Push.Android\IO.Ably.Push.Android.csproj", "{F0010AA8-63C3-47D7-95E9-A5D1D04DA325}"
EndProject
Project("{FAE04EC0-301F-11D3-BF4B-00C04F79EFBC}") = "IO.Ably.Push.iOS", "IO.Ably.Push.iOS\IO.Ably.Push.iOS.csproj", "{E1A8FDE2-FEFC-403E-99A0-F13847B1495E}"
EndProject
Project("{9A19103F-16F7-4668-BE54-9A1E7A4F7556}") = "IO.Ably.Tests.DotNetCore20", "IO.Ably.Tests.DotNetCore20\IO.Ably.Tests.DotNetCore20.csproj", "{9922FA1F-F9E8-44FD-8B51-39E7C7D7737C}"
EndProject
Project("{FAE04EC0-301F-11D3-BF4B-00C04F79EFBC}") = "DotnetPush.Android", "..\examples\DotnetPush\DotnetPush.Android\DotnetPush.Android.csproj", "{7050F177-1D55-4562-937C-56D117198BFB}"
EndProject
Project("{FAE04EC0-301F-11D3-BF4B-00C04F79EFBC}") = "DotnetPush.iOS", "..\examples\DotnetPush\DotnetPush.iOS\DotnetPush.iOS.csproj", "{75256FFE-5F9A-4F4F-BD78-37F6489488FD}"
EndProject
Project("{FAE04EC0-301F-11D3-BF4B-00C04F79EFBC}") = "DotnetPush", "..\examples\DotnetPush\DotnetPush\DotnetPush.csproj", "{181C3DF6-5C17-4A68-83B9-1CEBE3DE5445}"
EndProject
Global
	GlobalSection(SharedMSBuildProjectFiles) = preSolution
		IO.Ably.Tests.Shared\IO.Ably.Tests.Shared.projitems*{1609f12c-8216-4e7c-ade0-240bfe160242}*SharedItemsImports = 13
		IO.Ably.Shared\IO.Ably.Shared.projitems*{24b6fc97-9d3d-46ae-b5cb-47458354bee1}*SharedItemsImports = 4
		IO.Ably.Shared\IO.Ably.Shared.projitems*{3553e1b2-8f1f-4e83-9524-08e702c14fcf}*SharedItemsImports = 13
		IO.Ably.Shared\IO.Ably.Shared.projitems*{8bb7b13c-e9f4-4d1b-bccc-af890a23ece6}*SharedItemsImports = 4
		IO.Ably.Shared\IO.Ably.Shared.projitems*{97ed15e5-6546-4437-bf4f-b929700ce922}*SharedItemsImports = 5
		IO.Ably.Tests.Shared\IO.Ably.Tests.Shared.projitems*{9922fa1f-f9e8-44fd-8b51-39e7c7d7737c}*SharedItemsImports = 5
		IO.Ably.Shared.MsgPack\IO.Ably.Shared.MsgPack.projitems*{eebf3249-3ca3-4078-a188-f8b916c3f4c2}*SharedItemsImports = 13
	EndGlobalSection
	GlobalSection(SolutionConfigurationPlatforms) = preSolution
		AppStore|Any CPU = AppStore|Any CPU
		AppStore|ARM = AppStore|ARM
		AppStore|iPhone = AppStore|iPhone
		AppStore|iPhoneSimulator = AppStore|iPhoneSimulator
		AppStore|x64 = AppStore|x64
		AppStore|x86 = AppStore|x86
		CI_Release|Any CPU = CI_Release|Any CPU
		CI_Release|ARM = CI_Release|ARM
		CI_Release|iPhone = CI_Release|iPhone
		CI_Release|iPhoneSimulator = CI_Release|iPhoneSimulator
		CI_Release|x64 = CI_Release|x64
		CI_Release|x86 = CI_Release|x86
		Debug 4.0|Any CPU = Debug 4.0|Any CPU
		Debug 4.0|ARM = Debug 4.0|ARM
		Debug 4.0|iPhone = Debug 4.0|iPhone
		Debug 4.0|iPhoneSimulator = Debug 4.0|iPhoneSimulator
		Debug 4.0|x64 = Debug 4.0|x64
		Debug 4.0|x86 = Debug 4.0|x86
		Debug|Any CPU = Debug|Any CPU
		Debug|ARM = Debug|ARM
		Debug|iPhone = Debug|iPhone
		Debug|iPhoneSimulator = Debug|iPhoneSimulator
		Debug|x64 = Debug|x64
		Debug|x86 = Debug|x86
		package_netstandard|Any CPU = package_netstandard|Any CPU
		package_netstandard|ARM = package_netstandard|ARM
		package_netstandard|iPhone = package_netstandard|iPhone
		package_netstandard|iPhoneSimulator = package_netstandard|iPhoneSimulator
		package_netstandard|x64 = package_netstandard|x64
		package_netstandard|x86 = package_netstandard|x86
		package|Any CPU = package|Any CPU
		package|ARM = package|ARM
		package|iPhone = package|iPhone
		package|iPhoneSimulator = package|iPhoneSimulator
		package|x64 = package|x64
		package|x86 = package|x86
		Release 4.0|Any CPU = Release 4.0|Any CPU
		Release 4.0|ARM = Release 4.0|ARM
		Release 4.0|iPhone = Release 4.0|iPhone
		Release 4.0|iPhoneSimulator = Release 4.0|iPhoneSimulator
		Release 4.0|x64 = Release 4.0|x64
		Release 4.0|x86 = Release 4.0|x86
		Release|Any CPU = Release|Any CPU
		Release|ARM = Release|ARM
		Release|iPhone = Release|iPhone
		Release|iPhoneSimulator = Release|iPhoneSimulator
		Release|x64 = Release|x64
		Release|x86 = Release|x86
	EndGlobalSection
	GlobalSection(ProjectConfigurationPlatforms) = postSolution
		{24B6FC97-9D3D-46AE-B5CB-47458354BEE1}.AppStore|Any CPU.ActiveCfg = package|Any CPU
		{24B6FC97-9D3D-46AE-B5CB-47458354BEE1}.AppStore|Any CPU.Build.0 = package|Any CPU
		{24B6FC97-9D3D-46AE-B5CB-47458354BEE1}.AppStore|ARM.ActiveCfg = package|Any CPU
		{24B6FC97-9D3D-46AE-B5CB-47458354BEE1}.AppStore|ARM.Build.0 = package|Any CPU
		{24B6FC97-9D3D-46AE-B5CB-47458354BEE1}.AppStore|iPhone.ActiveCfg = Release|Any CPU
		{24B6FC97-9D3D-46AE-B5CB-47458354BEE1}.AppStore|iPhone.Build.0 = Release|Any CPU
		{24B6FC97-9D3D-46AE-B5CB-47458354BEE1}.AppStore|iPhoneSimulator.ActiveCfg = Release|Any CPU
		{24B6FC97-9D3D-46AE-B5CB-47458354BEE1}.AppStore|iPhoneSimulator.Build.0 = Release|Any CPU
		{24B6FC97-9D3D-46AE-B5CB-47458354BEE1}.AppStore|x64.ActiveCfg = package|Any CPU
		{24B6FC97-9D3D-46AE-B5CB-47458354BEE1}.AppStore|x64.Build.0 = package|Any CPU
		{24B6FC97-9D3D-46AE-B5CB-47458354BEE1}.AppStore|x86.ActiveCfg = package|Any CPU
		{24B6FC97-9D3D-46AE-B5CB-47458354BEE1}.AppStore|x86.Build.0 = package|Any CPU
		{24B6FC97-9D3D-46AE-B5CB-47458354BEE1}.CI_Release|Any CPU.ActiveCfg = CI_Release|Any CPU
		{24B6FC97-9D3D-46AE-B5CB-47458354BEE1}.CI_Release|Any CPU.Build.0 = CI_Release|Any CPU
		{24B6FC97-9D3D-46AE-B5CB-47458354BEE1}.CI_Release|ARM.ActiveCfg = CI_Release|Any CPU
		{24B6FC97-9D3D-46AE-B5CB-47458354BEE1}.CI_Release|ARM.Build.0 = CI_Release|Any CPU
		{24B6FC97-9D3D-46AE-B5CB-47458354BEE1}.CI_Release|iPhone.ActiveCfg = CI_Release|Any CPU
		{24B6FC97-9D3D-46AE-B5CB-47458354BEE1}.CI_Release|iPhone.Build.0 = CI_Release|Any CPU
		{24B6FC97-9D3D-46AE-B5CB-47458354BEE1}.CI_Release|iPhoneSimulator.ActiveCfg = CI_Release|Any CPU
		{24B6FC97-9D3D-46AE-B5CB-47458354BEE1}.CI_Release|iPhoneSimulator.Build.0 = CI_Release|Any CPU
		{24B6FC97-9D3D-46AE-B5CB-47458354BEE1}.CI_Release|x64.ActiveCfg = CI_Release|Any CPU
		{24B6FC97-9D3D-46AE-B5CB-47458354BEE1}.CI_Release|x64.Build.0 = CI_Release|Any CPU
		{24B6FC97-9D3D-46AE-B5CB-47458354BEE1}.CI_Release|x86.ActiveCfg = CI_Release|Any CPU
		{24B6FC97-9D3D-46AE-B5CB-47458354BEE1}.CI_Release|x86.Build.0 = CI_Release|Any CPU
		{24B6FC97-9D3D-46AE-B5CB-47458354BEE1}.Debug 4.0|Any CPU.ActiveCfg = Debug|Any CPU
		{24B6FC97-9D3D-46AE-B5CB-47458354BEE1}.Debug 4.0|Any CPU.Build.0 = Debug|Any CPU
		{24B6FC97-9D3D-46AE-B5CB-47458354BEE1}.Debug 4.0|ARM.ActiveCfg = Debug|Any CPU
		{24B6FC97-9D3D-46AE-B5CB-47458354BEE1}.Debug 4.0|ARM.Build.0 = Debug|Any CPU
		{24B6FC97-9D3D-46AE-B5CB-47458354BEE1}.Debug 4.0|iPhone.ActiveCfg = Debug|Any CPU
		{24B6FC97-9D3D-46AE-B5CB-47458354BEE1}.Debug 4.0|iPhone.Build.0 = Debug|Any CPU
		{24B6FC97-9D3D-46AE-B5CB-47458354BEE1}.Debug 4.0|iPhoneSimulator.ActiveCfg = Debug|Any CPU
		{24B6FC97-9D3D-46AE-B5CB-47458354BEE1}.Debug 4.0|iPhoneSimulator.Build.0 = Debug|Any CPU
		{24B6FC97-9D3D-46AE-B5CB-47458354BEE1}.Debug 4.0|x64.ActiveCfg = Debug|Any CPU
		{24B6FC97-9D3D-46AE-B5CB-47458354BEE1}.Debug 4.0|x64.Build.0 = Debug|Any CPU
		{24B6FC97-9D3D-46AE-B5CB-47458354BEE1}.Debug 4.0|x86.ActiveCfg = Debug|Any CPU
		{24B6FC97-9D3D-46AE-B5CB-47458354BEE1}.Debug 4.0|x86.Build.0 = Debug|Any CPU
		{24B6FC97-9D3D-46AE-B5CB-47458354BEE1}.Debug|Any CPU.ActiveCfg = Debug|Any CPU
		{24B6FC97-9D3D-46AE-B5CB-47458354BEE1}.Debug|Any CPU.Build.0 = Debug|Any CPU
		{24B6FC97-9D3D-46AE-B5CB-47458354BEE1}.Debug|ARM.ActiveCfg = Debug|Any CPU
		{24B6FC97-9D3D-46AE-B5CB-47458354BEE1}.Debug|ARM.Build.0 = Debug|Any CPU
		{24B6FC97-9D3D-46AE-B5CB-47458354BEE1}.Debug|iPhone.ActiveCfg = Debug|Any CPU
		{24B6FC97-9D3D-46AE-B5CB-47458354BEE1}.Debug|iPhone.Build.0 = Debug|Any CPU
		{24B6FC97-9D3D-46AE-B5CB-47458354BEE1}.Debug|iPhoneSimulator.ActiveCfg = Debug|Any CPU
		{24B6FC97-9D3D-46AE-B5CB-47458354BEE1}.Debug|iPhoneSimulator.Build.0 = Debug|Any CPU
		{24B6FC97-9D3D-46AE-B5CB-47458354BEE1}.Debug|x64.ActiveCfg = Debug|Any CPU
		{24B6FC97-9D3D-46AE-B5CB-47458354BEE1}.Debug|x64.Build.0 = Debug|Any CPU
		{24B6FC97-9D3D-46AE-B5CB-47458354BEE1}.Debug|x86.ActiveCfg = Debug|Any CPU
		{24B6FC97-9D3D-46AE-B5CB-47458354BEE1}.Debug|x86.Build.0 = Debug|Any CPU
		{24B6FC97-9D3D-46AE-B5CB-47458354BEE1}.package_netstandard|Any CPU.ActiveCfg = package|Any CPU
		{24B6FC97-9D3D-46AE-B5CB-47458354BEE1}.package_netstandard|Any CPU.Build.0 = package|Any CPU
		{24B6FC97-9D3D-46AE-B5CB-47458354BEE1}.package_netstandard|ARM.ActiveCfg = package|Any CPU
		{24B6FC97-9D3D-46AE-B5CB-47458354BEE1}.package_netstandard|ARM.Build.0 = package|Any CPU
		{24B6FC97-9D3D-46AE-B5CB-47458354BEE1}.package_netstandard|iPhone.ActiveCfg = package|Any CPU
		{24B6FC97-9D3D-46AE-B5CB-47458354BEE1}.package_netstandard|iPhone.Build.0 = package|Any CPU
		{24B6FC97-9D3D-46AE-B5CB-47458354BEE1}.package_netstandard|iPhoneSimulator.ActiveCfg = package|Any CPU
		{24B6FC97-9D3D-46AE-B5CB-47458354BEE1}.package_netstandard|iPhoneSimulator.Build.0 = package|Any CPU
		{24B6FC97-9D3D-46AE-B5CB-47458354BEE1}.package_netstandard|x64.ActiveCfg = package|Any CPU
		{24B6FC97-9D3D-46AE-B5CB-47458354BEE1}.package_netstandard|x64.Build.0 = package|Any CPU
		{24B6FC97-9D3D-46AE-B5CB-47458354BEE1}.package_netstandard|x86.ActiveCfg = package|Any CPU
		{24B6FC97-9D3D-46AE-B5CB-47458354BEE1}.package_netstandard|x86.Build.0 = package|Any CPU
		{24B6FC97-9D3D-46AE-B5CB-47458354BEE1}.package|Any CPU.ActiveCfg = package|Any CPU
		{24B6FC97-9D3D-46AE-B5CB-47458354BEE1}.package|Any CPU.Build.0 = package|Any CPU
		{24B6FC97-9D3D-46AE-B5CB-47458354BEE1}.package|ARM.ActiveCfg = package|Any CPU
		{24B6FC97-9D3D-46AE-B5CB-47458354BEE1}.package|ARM.Build.0 = package|Any CPU
		{24B6FC97-9D3D-46AE-B5CB-47458354BEE1}.package|iPhone.ActiveCfg = package|Any CPU
		{24B6FC97-9D3D-46AE-B5CB-47458354BEE1}.package|iPhone.Build.0 = package|Any CPU
		{24B6FC97-9D3D-46AE-B5CB-47458354BEE1}.package|iPhoneSimulator.ActiveCfg = package|Any CPU
		{24B6FC97-9D3D-46AE-B5CB-47458354BEE1}.package|iPhoneSimulator.Build.0 = package|Any CPU
		{24B6FC97-9D3D-46AE-B5CB-47458354BEE1}.package|x64.ActiveCfg = package|Any CPU
		{24B6FC97-9D3D-46AE-B5CB-47458354BEE1}.package|x64.Build.0 = package|Any CPU
		{24B6FC97-9D3D-46AE-B5CB-47458354BEE1}.package|x86.ActiveCfg = package|Any CPU
		{24B6FC97-9D3D-46AE-B5CB-47458354BEE1}.package|x86.Build.0 = package|Any CPU
		{24B6FC97-9D3D-46AE-B5CB-47458354BEE1}.Release 4.0|Any CPU.ActiveCfg = Release|Any CPU
		{24B6FC97-9D3D-46AE-B5CB-47458354BEE1}.Release 4.0|Any CPU.Build.0 = Release|Any CPU
		{24B6FC97-9D3D-46AE-B5CB-47458354BEE1}.Release 4.0|ARM.ActiveCfg = Release|Any CPU
		{24B6FC97-9D3D-46AE-B5CB-47458354BEE1}.Release 4.0|ARM.Build.0 = Release|Any CPU
		{24B6FC97-9D3D-46AE-B5CB-47458354BEE1}.Release 4.0|iPhone.ActiveCfg = Release|Any CPU
		{24B6FC97-9D3D-46AE-B5CB-47458354BEE1}.Release 4.0|iPhone.Build.0 = Release|Any CPU
		{24B6FC97-9D3D-46AE-B5CB-47458354BEE1}.Release 4.0|iPhoneSimulator.ActiveCfg = Release|Any CPU
		{24B6FC97-9D3D-46AE-B5CB-47458354BEE1}.Release 4.0|iPhoneSimulator.Build.0 = Release|Any CPU
		{24B6FC97-9D3D-46AE-B5CB-47458354BEE1}.Release 4.0|x64.ActiveCfg = Release|Any CPU
		{24B6FC97-9D3D-46AE-B5CB-47458354BEE1}.Release 4.0|x64.Build.0 = Release|Any CPU
		{24B6FC97-9D3D-46AE-B5CB-47458354BEE1}.Release 4.0|x86.ActiveCfg = Release|Any CPU
		{24B6FC97-9D3D-46AE-B5CB-47458354BEE1}.Release 4.0|x86.Build.0 = Release|Any CPU
		{24B6FC97-9D3D-46AE-B5CB-47458354BEE1}.Release|Any CPU.ActiveCfg = Release|Any CPU
		{24B6FC97-9D3D-46AE-B5CB-47458354BEE1}.Release|Any CPU.Build.0 = Release|Any CPU
		{24B6FC97-9D3D-46AE-B5CB-47458354BEE1}.Release|ARM.ActiveCfg = Release|Any CPU
		{24B6FC97-9D3D-46AE-B5CB-47458354BEE1}.Release|ARM.Build.0 = Release|Any CPU
		{24B6FC97-9D3D-46AE-B5CB-47458354BEE1}.Release|iPhone.ActiveCfg = Release|Any CPU
		{24B6FC97-9D3D-46AE-B5CB-47458354BEE1}.Release|iPhone.Build.0 = Release|Any CPU
		{24B6FC97-9D3D-46AE-B5CB-47458354BEE1}.Release|iPhoneSimulator.ActiveCfg = Release|Any CPU
		{24B6FC97-9D3D-46AE-B5CB-47458354BEE1}.Release|iPhoneSimulator.Build.0 = Release|Any CPU
		{24B6FC97-9D3D-46AE-B5CB-47458354BEE1}.Release|x64.ActiveCfg = Release|Any CPU
		{24B6FC97-9D3D-46AE-B5CB-47458354BEE1}.Release|x64.Build.0 = Release|Any CPU
		{24B6FC97-9D3D-46AE-B5CB-47458354BEE1}.Release|x86.ActiveCfg = Release|Any CPU
		{24B6FC97-9D3D-46AE-B5CB-47458354BEE1}.Release|x86.Build.0 = Release|Any CPU
		{8BB7B13C-E9F4-4D1B-BCCC-AF890A23ECE6}.AppStore|Any CPU.ActiveCfg = package|Any CPU
		{8BB7B13C-E9F4-4D1B-BCCC-AF890A23ECE6}.AppStore|Any CPU.Build.0 = package|Any CPU
		{8BB7B13C-E9F4-4D1B-BCCC-AF890A23ECE6}.AppStore|ARM.ActiveCfg = package|Any CPU
		{8BB7B13C-E9F4-4D1B-BCCC-AF890A23ECE6}.AppStore|ARM.Build.0 = package|Any CPU
		{8BB7B13C-E9F4-4D1B-BCCC-AF890A23ECE6}.AppStore|iPhone.ActiveCfg = Release|Any CPU
		{8BB7B13C-E9F4-4D1B-BCCC-AF890A23ECE6}.AppStore|iPhone.Build.0 = Release|Any CPU
		{8BB7B13C-E9F4-4D1B-BCCC-AF890A23ECE6}.AppStore|iPhoneSimulator.ActiveCfg = Release|Any CPU
		{8BB7B13C-E9F4-4D1B-BCCC-AF890A23ECE6}.AppStore|iPhoneSimulator.Build.0 = Release|Any CPU
		{8BB7B13C-E9F4-4D1B-BCCC-AF890A23ECE6}.AppStore|x64.ActiveCfg = package|Any CPU
		{8BB7B13C-E9F4-4D1B-BCCC-AF890A23ECE6}.AppStore|x64.Build.0 = package|Any CPU
		{8BB7B13C-E9F4-4D1B-BCCC-AF890A23ECE6}.AppStore|x86.ActiveCfg = package|Any CPU
		{8BB7B13C-E9F4-4D1B-BCCC-AF890A23ECE6}.AppStore|x86.Build.0 = package|Any CPU
		{8BB7B13C-E9F4-4D1B-BCCC-AF890A23ECE6}.CI_Release|Any CPU.ActiveCfg = CI_Release|Any CPU
		{8BB7B13C-E9F4-4D1B-BCCC-AF890A23ECE6}.CI_Release|Any CPU.Build.0 = CI_Release|Any CPU
		{8BB7B13C-E9F4-4D1B-BCCC-AF890A23ECE6}.CI_Release|ARM.ActiveCfg = CI_Release|Any CPU
		{8BB7B13C-E9F4-4D1B-BCCC-AF890A23ECE6}.CI_Release|ARM.Build.0 = CI_Release|Any CPU
		{8BB7B13C-E9F4-4D1B-BCCC-AF890A23ECE6}.CI_Release|iPhone.ActiveCfg = CI_Release|Any CPU
		{8BB7B13C-E9F4-4D1B-BCCC-AF890A23ECE6}.CI_Release|iPhone.Build.0 = CI_Release|Any CPU
		{8BB7B13C-E9F4-4D1B-BCCC-AF890A23ECE6}.CI_Release|iPhoneSimulator.ActiveCfg = CI_Release|Any CPU
		{8BB7B13C-E9F4-4D1B-BCCC-AF890A23ECE6}.CI_Release|iPhoneSimulator.Build.0 = CI_Release|Any CPU
		{8BB7B13C-E9F4-4D1B-BCCC-AF890A23ECE6}.CI_Release|x64.ActiveCfg = CI_Release|Any CPU
		{8BB7B13C-E9F4-4D1B-BCCC-AF890A23ECE6}.CI_Release|x64.Build.0 = CI_Release|Any CPU
		{8BB7B13C-E9F4-4D1B-BCCC-AF890A23ECE6}.CI_Release|x86.ActiveCfg = CI_Release|Any CPU
		{8BB7B13C-E9F4-4D1B-BCCC-AF890A23ECE6}.CI_Release|x86.Build.0 = CI_Release|Any CPU
		{8BB7B13C-E9F4-4D1B-BCCC-AF890A23ECE6}.Debug 4.0|Any CPU.ActiveCfg = Debug|Any CPU
		{8BB7B13C-E9F4-4D1B-BCCC-AF890A23ECE6}.Debug 4.0|Any CPU.Build.0 = Debug|Any CPU
		{8BB7B13C-E9F4-4D1B-BCCC-AF890A23ECE6}.Debug 4.0|ARM.ActiveCfg = Debug|Any CPU
		{8BB7B13C-E9F4-4D1B-BCCC-AF890A23ECE6}.Debug 4.0|ARM.Build.0 = Debug|Any CPU
		{8BB7B13C-E9F4-4D1B-BCCC-AF890A23ECE6}.Debug 4.0|iPhone.ActiveCfg = Debug|Any CPU
		{8BB7B13C-E9F4-4D1B-BCCC-AF890A23ECE6}.Debug 4.0|iPhone.Build.0 = Debug|Any CPU
		{8BB7B13C-E9F4-4D1B-BCCC-AF890A23ECE6}.Debug 4.0|iPhoneSimulator.ActiveCfg = Debug|Any CPU
		{8BB7B13C-E9F4-4D1B-BCCC-AF890A23ECE6}.Debug 4.0|iPhoneSimulator.Build.0 = Debug|Any CPU
		{8BB7B13C-E9F4-4D1B-BCCC-AF890A23ECE6}.Debug 4.0|x64.ActiveCfg = Debug|Any CPU
		{8BB7B13C-E9F4-4D1B-BCCC-AF890A23ECE6}.Debug 4.0|x64.Build.0 = Debug|Any CPU
		{8BB7B13C-E9F4-4D1B-BCCC-AF890A23ECE6}.Debug 4.0|x86.ActiveCfg = Debug|Any CPU
		{8BB7B13C-E9F4-4D1B-BCCC-AF890A23ECE6}.Debug 4.0|x86.Build.0 = Debug|Any CPU
		{8BB7B13C-E9F4-4D1B-BCCC-AF890A23ECE6}.Debug|Any CPU.ActiveCfg = Debug|Any CPU
		{8BB7B13C-E9F4-4D1B-BCCC-AF890A23ECE6}.Debug|Any CPU.Build.0 = Debug|Any CPU
		{8BB7B13C-E9F4-4D1B-BCCC-AF890A23ECE6}.Debug|ARM.ActiveCfg = Debug|Any CPU
		{8BB7B13C-E9F4-4D1B-BCCC-AF890A23ECE6}.Debug|ARM.Build.0 = Debug|Any CPU
		{8BB7B13C-E9F4-4D1B-BCCC-AF890A23ECE6}.Debug|iPhone.ActiveCfg = Debug|Any CPU
		{8BB7B13C-E9F4-4D1B-BCCC-AF890A23ECE6}.Debug|iPhone.Build.0 = Debug|Any CPU
		{8BB7B13C-E9F4-4D1B-BCCC-AF890A23ECE6}.Debug|iPhoneSimulator.ActiveCfg = Debug|Any CPU
		{8BB7B13C-E9F4-4D1B-BCCC-AF890A23ECE6}.Debug|iPhoneSimulator.Build.0 = Debug|Any CPU
		{8BB7B13C-E9F4-4D1B-BCCC-AF890A23ECE6}.Debug|x64.ActiveCfg = Debug|Any CPU
		{8BB7B13C-E9F4-4D1B-BCCC-AF890A23ECE6}.Debug|x64.Build.0 = Debug|Any CPU
		{8BB7B13C-E9F4-4D1B-BCCC-AF890A23ECE6}.Debug|x86.ActiveCfg = Debug|Any CPU
		{8BB7B13C-E9F4-4D1B-BCCC-AF890A23ECE6}.Debug|x86.Build.0 = Debug|Any CPU
		{8BB7B13C-E9F4-4D1B-BCCC-AF890A23ECE6}.package_netstandard|Any CPU.ActiveCfg = package|Any CPU
		{8BB7B13C-E9F4-4D1B-BCCC-AF890A23ECE6}.package_netstandard|Any CPU.Build.0 = package|Any CPU
		{8BB7B13C-E9F4-4D1B-BCCC-AF890A23ECE6}.package_netstandard|ARM.ActiveCfg = package|Any CPU
		{8BB7B13C-E9F4-4D1B-BCCC-AF890A23ECE6}.package_netstandard|ARM.Build.0 = package|Any CPU
		{8BB7B13C-E9F4-4D1B-BCCC-AF890A23ECE6}.package_netstandard|iPhone.ActiveCfg = package|Any CPU
		{8BB7B13C-E9F4-4D1B-BCCC-AF890A23ECE6}.package_netstandard|iPhone.Build.0 = package|Any CPU
		{8BB7B13C-E9F4-4D1B-BCCC-AF890A23ECE6}.package_netstandard|iPhoneSimulator.ActiveCfg = package|Any CPU
		{8BB7B13C-E9F4-4D1B-BCCC-AF890A23ECE6}.package_netstandard|iPhoneSimulator.Build.0 = package|Any CPU
		{8BB7B13C-E9F4-4D1B-BCCC-AF890A23ECE6}.package_netstandard|x64.ActiveCfg = package|Any CPU
		{8BB7B13C-E9F4-4D1B-BCCC-AF890A23ECE6}.package_netstandard|x64.Build.0 = package|Any CPU
		{8BB7B13C-E9F4-4D1B-BCCC-AF890A23ECE6}.package_netstandard|x86.ActiveCfg = package|Any CPU
		{8BB7B13C-E9F4-4D1B-BCCC-AF890A23ECE6}.package_netstandard|x86.Build.0 = package|Any CPU
		{8BB7B13C-E9F4-4D1B-BCCC-AF890A23ECE6}.package|Any CPU.ActiveCfg = package|Any CPU
		{8BB7B13C-E9F4-4D1B-BCCC-AF890A23ECE6}.package|Any CPU.Build.0 = package|Any CPU
		{8BB7B13C-E9F4-4D1B-BCCC-AF890A23ECE6}.package|ARM.ActiveCfg = package|Any CPU
		{8BB7B13C-E9F4-4D1B-BCCC-AF890A23ECE6}.package|ARM.Build.0 = package|Any CPU
		{8BB7B13C-E9F4-4D1B-BCCC-AF890A23ECE6}.package|iPhone.ActiveCfg = package|Any CPU
		{8BB7B13C-E9F4-4D1B-BCCC-AF890A23ECE6}.package|iPhone.Build.0 = package|Any CPU
		{8BB7B13C-E9F4-4D1B-BCCC-AF890A23ECE6}.package|iPhoneSimulator.ActiveCfg = package|Any CPU
		{8BB7B13C-E9F4-4D1B-BCCC-AF890A23ECE6}.package|iPhoneSimulator.Build.0 = package|Any CPU
		{8BB7B13C-E9F4-4D1B-BCCC-AF890A23ECE6}.package|x64.ActiveCfg = package|Any CPU
		{8BB7B13C-E9F4-4D1B-BCCC-AF890A23ECE6}.package|x64.Build.0 = package|Any CPU
		{8BB7B13C-E9F4-4D1B-BCCC-AF890A23ECE6}.package|x86.ActiveCfg = package|Any CPU
		{8BB7B13C-E9F4-4D1B-BCCC-AF890A23ECE6}.package|x86.Build.0 = package|Any CPU
		{8BB7B13C-E9F4-4D1B-BCCC-AF890A23ECE6}.Release 4.0|Any CPU.ActiveCfg = Release|Any CPU
		{8BB7B13C-E9F4-4D1B-BCCC-AF890A23ECE6}.Release 4.0|Any CPU.Build.0 = Release|Any CPU
		{8BB7B13C-E9F4-4D1B-BCCC-AF890A23ECE6}.Release 4.0|ARM.ActiveCfg = Release|Any CPU
		{8BB7B13C-E9F4-4D1B-BCCC-AF890A23ECE6}.Release 4.0|ARM.Build.0 = Release|Any CPU
		{8BB7B13C-E9F4-4D1B-BCCC-AF890A23ECE6}.Release 4.0|iPhone.ActiveCfg = Release|Any CPU
		{8BB7B13C-E9F4-4D1B-BCCC-AF890A23ECE6}.Release 4.0|iPhone.Build.0 = Release|Any CPU
		{8BB7B13C-E9F4-4D1B-BCCC-AF890A23ECE6}.Release 4.0|iPhoneSimulator.ActiveCfg = Release|Any CPU
		{8BB7B13C-E9F4-4D1B-BCCC-AF890A23ECE6}.Release 4.0|iPhoneSimulator.Build.0 = Release|Any CPU
		{8BB7B13C-E9F4-4D1B-BCCC-AF890A23ECE6}.Release 4.0|x64.ActiveCfg = Release|Any CPU
		{8BB7B13C-E9F4-4D1B-BCCC-AF890A23ECE6}.Release 4.0|x64.Build.0 = Release|Any CPU
		{8BB7B13C-E9F4-4D1B-BCCC-AF890A23ECE6}.Release 4.0|x86.ActiveCfg = Release|Any CPU
		{8BB7B13C-E9F4-4D1B-BCCC-AF890A23ECE6}.Release 4.0|x86.Build.0 = Release|Any CPU
		{8BB7B13C-E9F4-4D1B-BCCC-AF890A23ECE6}.Release|Any CPU.ActiveCfg = Release|Any CPU
		{8BB7B13C-E9F4-4D1B-BCCC-AF890A23ECE6}.Release|Any CPU.Build.0 = Release|Any CPU
		{8BB7B13C-E9F4-4D1B-BCCC-AF890A23ECE6}.Release|ARM.ActiveCfg = Release|Any CPU
		{8BB7B13C-E9F4-4D1B-BCCC-AF890A23ECE6}.Release|ARM.Build.0 = Release|Any CPU
		{8BB7B13C-E9F4-4D1B-BCCC-AF890A23ECE6}.Release|iPhone.ActiveCfg = Release|Any CPU
		{8BB7B13C-E9F4-4D1B-BCCC-AF890A23ECE6}.Release|iPhone.Build.0 = Release|Any CPU
		{8BB7B13C-E9F4-4D1B-BCCC-AF890A23ECE6}.Release|iPhoneSimulator.ActiveCfg = Release|Any CPU
		{8BB7B13C-E9F4-4D1B-BCCC-AF890A23ECE6}.Release|iPhoneSimulator.Build.0 = Release|Any CPU
		{8BB7B13C-E9F4-4D1B-BCCC-AF890A23ECE6}.Release|x64.ActiveCfg = Release|Any CPU
		{8BB7B13C-E9F4-4D1B-BCCC-AF890A23ECE6}.Release|x64.Build.0 = Release|Any CPU
		{8BB7B13C-E9F4-4D1B-BCCC-AF890A23ECE6}.Release|x86.ActiveCfg = Release|Any CPU
		{8BB7B13C-E9F4-4D1B-BCCC-AF890A23ECE6}.Release|x86.Build.0 = Release|Any CPU
		{53CA3FD4-E11A-4368-A7A5-BCAB40D08BED}.AppStore|Any CPU.ActiveCfg = Debug|Any CPU
		{53CA3FD4-E11A-4368-A7A5-BCAB40D08BED}.AppStore|Any CPU.Build.0 = Debug|Any CPU
		{53CA3FD4-E11A-4368-A7A5-BCAB40D08BED}.AppStore|ARM.ActiveCfg = Debug|Any CPU
		{53CA3FD4-E11A-4368-A7A5-BCAB40D08BED}.AppStore|ARM.Build.0 = Debug|Any CPU
		{53CA3FD4-E11A-4368-A7A5-BCAB40D08BED}.AppStore|iPhone.ActiveCfg = Release|Any CPU
		{53CA3FD4-E11A-4368-A7A5-BCAB40D08BED}.AppStore|iPhone.Build.0 = Release|Any CPU
		{53CA3FD4-E11A-4368-A7A5-BCAB40D08BED}.AppStore|iPhoneSimulator.ActiveCfg = Release|Any CPU
		{53CA3FD4-E11A-4368-A7A5-BCAB40D08BED}.AppStore|iPhoneSimulator.Build.0 = Release|Any CPU
		{53CA3FD4-E11A-4368-A7A5-BCAB40D08BED}.AppStore|x64.ActiveCfg = Debug|Any CPU
		{53CA3FD4-E11A-4368-A7A5-BCAB40D08BED}.AppStore|x64.Build.0 = Debug|Any CPU
		{53CA3FD4-E11A-4368-A7A5-BCAB40D08BED}.AppStore|x86.ActiveCfg = Debug|Any CPU
		{53CA3FD4-E11A-4368-A7A5-BCAB40D08BED}.AppStore|x86.Build.0 = Debug|Any CPU
		{53CA3FD4-E11A-4368-A7A5-BCAB40D08BED}.CI_Release|Any CPU.ActiveCfg = Debug|Any CPU
		{53CA3FD4-E11A-4368-A7A5-BCAB40D08BED}.CI_Release|Any CPU.Build.0 = Debug|Any CPU
		{53CA3FD4-E11A-4368-A7A5-BCAB40D08BED}.CI_Release|ARM.ActiveCfg = Debug|Any CPU
		{53CA3FD4-E11A-4368-A7A5-BCAB40D08BED}.CI_Release|ARM.Build.0 = Debug|Any CPU
		{53CA3FD4-E11A-4368-A7A5-BCAB40D08BED}.CI_Release|iPhone.ActiveCfg = Release|Any CPU
		{53CA3FD4-E11A-4368-A7A5-BCAB40D08BED}.CI_Release|iPhone.Build.0 = Release|Any CPU
		{53CA3FD4-E11A-4368-A7A5-BCAB40D08BED}.CI_Release|iPhoneSimulator.ActiveCfg = Release|Any CPU
		{53CA3FD4-E11A-4368-A7A5-BCAB40D08BED}.CI_Release|iPhoneSimulator.Build.0 = Release|Any CPU
		{53CA3FD4-E11A-4368-A7A5-BCAB40D08BED}.CI_Release|x64.ActiveCfg = Debug|Any CPU
		{53CA3FD4-E11A-4368-A7A5-BCAB40D08BED}.CI_Release|x64.Build.0 = Debug|Any CPU
		{53CA3FD4-E11A-4368-A7A5-BCAB40D08BED}.CI_Release|x86.ActiveCfg = Debug|Any CPU
		{53CA3FD4-E11A-4368-A7A5-BCAB40D08BED}.CI_Release|x86.Build.0 = Debug|Any CPU
		{53CA3FD4-E11A-4368-A7A5-BCAB40D08BED}.Debug 4.0|Any CPU.ActiveCfg = Debug|Any CPU
		{53CA3FD4-E11A-4368-A7A5-BCAB40D08BED}.Debug 4.0|Any CPU.Build.0 = Debug|Any CPU
		{53CA3FD4-E11A-4368-A7A5-BCAB40D08BED}.Debug 4.0|ARM.ActiveCfg = Debug|Any CPU
		{53CA3FD4-E11A-4368-A7A5-BCAB40D08BED}.Debug 4.0|ARM.Build.0 = Debug|Any CPU
		{53CA3FD4-E11A-4368-A7A5-BCAB40D08BED}.Debug 4.0|iPhone.ActiveCfg = Debug|Any CPU
		{53CA3FD4-E11A-4368-A7A5-BCAB40D08BED}.Debug 4.0|iPhone.Build.0 = Debug|Any CPU
		{53CA3FD4-E11A-4368-A7A5-BCAB40D08BED}.Debug 4.0|iPhoneSimulator.ActiveCfg = Debug|Any CPU
		{53CA3FD4-E11A-4368-A7A5-BCAB40D08BED}.Debug 4.0|iPhoneSimulator.Build.0 = Debug|Any CPU
		{53CA3FD4-E11A-4368-A7A5-BCAB40D08BED}.Debug 4.0|x64.ActiveCfg = Debug|Any CPU
		{53CA3FD4-E11A-4368-A7A5-BCAB40D08BED}.Debug 4.0|x64.Build.0 = Debug|Any CPU
		{53CA3FD4-E11A-4368-A7A5-BCAB40D08BED}.Debug 4.0|x86.ActiveCfg = Debug|Any CPU
		{53CA3FD4-E11A-4368-A7A5-BCAB40D08BED}.Debug 4.0|x86.Build.0 = Debug|Any CPU
		{53CA3FD4-E11A-4368-A7A5-BCAB40D08BED}.Debug|Any CPU.ActiveCfg = Debug|Any CPU
		{53CA3FD4-E11A-4368-A7A5-BCAB40D08BED}.Debug|Any CPU.Build.0 = Debug|Any CPU
		{53CA3FD4-E11A-4368-A7A5-BCAB40D08BED}.Debug|ARM.ActiveCfg = Debug|Any CPU
		{53CA3FD4-E11A-4368-A7A5-BCAB40D08BED}.Debug|ARM.Build.0 = Debug|Any CPU
		{53CA3FD4-E11A-4368-A7A5-BCAB40D08BED}.Debug|iPhone.ActiveCfg = Debug|Any CPU
		{53CA3FD4-E11A-4368-A7A5-BCAB40D08BED}.Debug|iPhone.Build.0 = Debug|Any CPU
		{53CA3FD4-E11A-4368-A7A5-BCAB40D08BED}.Debug|iPhoneSimulator.ActiveCfg = Debug|Any CPU
		{53CA3FD4-E11A-4368-A7A5-BCAB40D08BED}.Debug|iPhoneSimulator.Build.0 = Debug|Any CPU
		{53CA3FD4-E11A-4368-A7A5-BCAB40D08BED}.Debug|x64.ActiveCfg = Debug|Any CPU
		{53CA3FD4-E11A-4368-A7A5-BCAB40D08BED}.Debug|x64.Build.0 = Debug|Any CPU
		{53CA3FD4-E11A-4368-A7A5-BCAB40D08BED}.Debug|x86.ActiveCfg = Debug|Any CPU
		{53CA3FD4-E11A-4368-A7A5-BCAB40D08BED}.Debug|x86.Build.0 = Debug|Any CPU
		{53CA3FD4-E11A-4368-A7A5-BCAB40D08BED}.package_netstandard|Any CPU.ActiveCfg = Debug|Any CPU
		{53CA3FD4-E11A-4368-A7A5-BCAB40D08BED}.package_netstandard|Any CPU.Build.0 = Debug|Any CPU
		{53CA3FD4-E11A-4368-A7A5-BCAB40D08BED}.package_netstandard|ARM.ActiveCfg = Debug|Any CPU
		{53CA3FD4-E11A-4368-A7A5-BCAB40D08BED}.package_netstandard|ARM.Build.0 = Debug|Any CPU
		{53CA3FD4-E11A-4368-A7A5-BCAB40D08BED}.package_netstandard|iPhone.ActiveCfg = Release|Any CPU
		{53CA3FD4-E11A-4368-A7A5-BCAB40D08BED}.package_netstandard|iPhone.Build.0 = Release|Any CPU
		{53CA3FD4-E11A-4368-A7A5-BCAB40D08BED}.package_netstandard|iPhoneSimulator.ActiveCfg = Release|Any CPU
		{53CA3FD4-E11A-4368-A7A5-BCAB40D08BED}.package_netstandard|iPhoneSimulator.Build.0 = Release|Any CPU
		{53CA3FD4-E11A-4368-A7A5-BCAB40D08BED}.package_netstandard|x64.ActiveCfg = Debug|Any CPU
		{53CA3FD4-E11A-4368-A7A5-BCAB40D08BED}.package_netstandard|x64.Build.0 = Debug|Any CPU
		{53CA3FD4-E11A-4368-A7A5-BCAB40D08BED}.package_netstandard|x86.ActiveCfg = Debug|Any CPU
		{53CA3FD4-E11A-4368-A7A5-BCAB40D08BED}.package_netstandard|x86.Build.0 = Debug|Any CPU
		{53CA3FD4-E11A-4368-A7A5-BCAB40D08BED}.package|Any CPU.ActiveCfg = Debug|Any CPU
		{53CA3FD4-E11A-4368-A7A5-BCAB40D08BED}.package|Any CPU.Build.0 = Debug|Any CPU
		{53CA3FD4-E11A-4368-A7A5-BCAB40D08BED}.package|ARM.ActiveCfg = Debug|Any CPU
		{53CA3FD4-E11A-4368-A7A5-BCAB40D08BED}.package|ARM.Build.0 = Debug|Any CPU
		{53CA3FD4-E11A-4368-A7A5-BCAB40D08BED}.package|iPhone.ActiveCfg = Release|Any CPU
		{53CA3FD4-E11A-4368-A7A5-BCAB40D08BED}.package|iPhone.Build.0 = Release|Any CPU
		{53CA3FD4-E11A-4368-A7A5-BCAB40D08BED}.package|iPhoneSimulator.ActiveCfg = Release|Any CPU
		{53CA3FD4-E11A-4368-A7A5-BCAB40D08BED}.package|iPhoneSimulator.Build.0 = Release|Any CPU
		{53CA3FD4-E11A-4368-A7A5-BCAB40D08BED}.package|x64.ActiveCfg = Debug|Any CPU
		{53CA3FD4-E11A-4368-A7A5-BCAB40D08BED}.package|x64.Build.0 = Debug|Any CPU
		{53CA3FD4-E11A-4368-A7A5-BCAB40D08BED}.package|x86.ActiveCfg = Debug|Any CPU
		{53CA3FD4-E11A-4368-A7A5-BCAB40D08BED}.package|x86.Build.0 = Debug|Any CPU
		{53CA3FD4-E11A-4368-A7A5-BCAB40D08BED}.Release 4.0|Any CPU.ActiveCfg = Debug|Any CPU
		{53CA3FD4-E11A-4368-A7A5-BCAB40D08BED}.Release 4.0|Any CPU.Build.0 = Debug|Any CPU
		{53CA3FD4-E11A-4368-A7A5-BCAB40D08BED}.Release 4.0|ARM.ActiveCfg = Debug|Any CPU
		{53CA3FD4-E11A-4368-A7A5-BCAB40D08BED}.Release 4.0|ARM.Build.0 = Debug|Any CPU
		{53CA3FD4-E11A-4368-A7A5-BCAB40D08BED}.Release 4.0|iPhone.ActiveCfg = Release|Any CPU
		{53CA3FD4-E11A-4368-A7A5-BCAB40D08BED}.Release 4.0|iPhone.Build.0 = Release|Any CPU
		{53CA3FD4-E11A-4368-A7A5-BCAB40D08BED}.Release 4.0|iPhoneSimulator.ActiveCfg = Release|Any CPU
		{53CA3FD4-E11A-4368-A7A5-BCAB40D08BED}.Release 4.0|iPhoneSimulator.Build.0 = Release|Any CPU
		{53CA3FD4-E11A-4368-A7A5-BCAB40D08BED}.Release 4.0|x64.ActiveCfg = Debug|Any CPU
		{53CA3FD4-E11A-4368-A7A5-BCAB40D08BED}.Release 4.0|x64.Build.0 = Debug|Any CPU
		{53CA3FD4-E11A-4368-A7A5-BCAB40D08BED}.Release 4.0|x86.ActiveCfg = Debug|Any CPU
		{53CA3FD4-E11A-4368-A7A5-BCAB40D08BED}.Release 4.0|x86.Build.0 = Debug|Any CPU
		{53CA3FD4-E11A-4368-A7A5-BCAB40D08BED}.Release|Any CPU.ActiveCfg = Release|Any CPU
		{53CA3FD4-E11A-4368-A7A5-BCAB40D08BED}.Release|Any CPU.Build.0 = Release|Any CPU
		{53CA3FD4-E11A-4368-A7A5-BCAB40D08BED}.Release|ARM.ActiveCfg = Release|Any CPU
		{53CA3FD4-E11A-4368-A7A5-BCAB40D08BED}.Release|ARM.Build.0 = Release|Any CPU
		{53CA3FD4-E11A-4368-A7A5-BCAB40D08BED}.Release|iPhone.ActiveCfg = Release|Any CPU
		{53CA3FD4-E11A-4368-A7A5-BCAB40D08BED}.Release|iPhone.Build.0 = Release|Any CPU
		{53CA3FD4-E11A-4368-A7A5-BCAB40D08BED}.Release|iPhoneSimulator.ActiveCfg = Release|Any CPU
		{53CA3FD4-E11A-4368-A7A5-BCAB40D08BED}.Release|iPhoneSimulator.Build.0 = Release|Any CPU
		{53CA3FD4-E11A-4368-A7A5-BCAB40D08BED}.Release|x64.ActiveCfg = Release|Any CPU
		{53CA3FD4-E11A-4368-A7A5-BCAB40D08BED}.Release|x64.Build.0 = Release|Any CPU
		{53CA3FD4-E11A-4368-A7A5-BCAB40D08BED}.Release|x86.ActiveCfg = Release|Any CPU
		{53CA3FD4-E11A-4368-A7A5-BCAB40D08BED}.Release|x86.Build.0 = Release|Any CPU
		{97ED15E5-6546-4437-BF4F-B929700CE922}.AppStore|Any CPU.ActiveCfg = Debug|Any CPU
		{97ED15E5-6546-4437-BF4F-B929700CE922}.AppStore|Any CPU.Build.0 = Debug|Any CPU
		{97ED15E5-6546-4437-BF4F-B929700CE922}.AppStore|ARM.ActiveCfg = Debug|Any CPU
		{97ED15E5-6546-4437-BF4F-B929700CE922}.AppStore|ARM.Build.0 = Debug|Any CPU
		{97ED15E5-6546-4437-BF4F-B929700CE922}.AppStore|iPhone.ActiveCfg = Release|Any CPU
		{97ED15E5-6546-4437-BF4F-B929700CE922}.AppStore|iPhone.Build.0 = Release|Any CPU
		{97ED15E5-6546-4437-BF4F-B929700CE922}.AppStore|iPhoneSimulator.ActiveCfg = Release|Any CPU
		{97ED15E5-6546-4437-BF4F-B929700CE922}.AppStore|iPhoneSimulator.Build.0 = Release|Any CPU
		{97ED15E5-6546-4437-BF4F-B929700CE922}.AppStore|x64.ActiveCfg = Debug|Any CPU
		{97ED15E5-6546-4437-BF4F-B929700CE922}.AppStore|x64.Build.0 = Debug|Any CPU
		{97ED15E5-6546-4437-BF4F-B929700CE922}.AppStore|x86.ActiveCfg = Debug|Any CPU
		{97ED15E5-6546-4437-BF4F-B929700CE922}.AppStore|x86.Build.0 = Debug|Any CPU
		{97ED15E5-6546-4437-BF4F-B929700CE922}.CI_Release|Any CPU.ActiveCfg = Debug|Any CPU
		{97ED15E5-6546-4437-BF4F-B929700CE922}.CI_Release|Any CPU.Build.0 = Debug|Any CPU
		{97ED15E5-6546-4437-BF4F-B929700CE922}.CI_Release|ARM.ActiveCfg = Debug|Any CPU
		{97ED15E5-6546-4437-BF4F-B929700CE922}.CI_Release|ARM.Build.0 = Debug|Any CPU
		{97ED15E5-6546-4437-BF4F-B929700CE922}.CI_Release|iPhone.ActiveCfg = Release|Any CPU
		{97ED15E5-6546-4437-BF4F-B929700CE922}.CI_Release|iPhone.Build.0 = Release|Any CPU
		{97ED15E5-6546-4437-BF4F-B929700CE922}.CI_Release|iPhoneSimulator.ActiveCfg = Release|Any CPU
		{97ED15E5-6546-4437-BF4F-B929700CE922}.CI_Release|iPhoneSimulator.Build.0 = Release|Any CPU
		{97ED15E5-6546-4437-BF4F-B929700CE922}.CI_Release|x64.ActiveCfg = Debug|Any CPU
		{97ED15E5-6546-4437-BF4F-B929700CE922}.CI_Release|x64.Build.0 = Debug|Any CPU
		{97ED15E5-6546-4437-BF4F-B929700CE922}.CI_Release|x86.ActiveCfg = Debug|Any CPU
		{97ED15E5-6546-4437-BF4F-B929700CE922}.CI_Release|x86.Build.0 = Debug|Any CPU
		{97ED15E5-6546-4437-BF4F-B929700CE922}.Debug 4.0|Any CPU.ActiveCfg = Debug|Any CPU
		{97ED15E5-6546-4437-BF4F-B929700CE922}.Debug 4.0|Any CPU.Build.0 = Debug|Any CPU
		{97ED15E5-6546-4437-BF4F-B929700CE922}.Debug 4.0|ARM.ActiveCfg = Debug|Any CPU
		{97ED15E5-6546-4437-BF4F-B929700CE922}.Debug 4.0|ARM.Build.0 = Debug|Any CPU
		{97ED15E5-6546-4437-BF4F-B929700CE922}.Debug 4.0|iPhone.ActiveCfg = Debug|Any CPU
		{97ED15E5-6546-4437-BF4F-B929700CE922}.Debug 4.0|iPhone.Build.0 = Debug|Any CPU
		{97ED15E5-6546-4437-BF4F-B929700CE922}.Debug 4.0|iPhoneSimulator.ActiveCfg = Debug|Any CPU
		{97ED15E5-6546-4437-BF4F-B929700CE922}.Debug 4.0|iPhoneSimulator.Build.0 = Debug|Any CPU
		{97ED15E5-6546-4437-BF4F-B929700CE922}.Debug 4.0|x64.ActiveCfg = Debug|Any CPU
		{97ED15E5-6546-4437-BF4F-B929700CE922}.Debug 4.0|x64.Build.0 = Debug|Any CPU
		{97ED15E5-6546-4437-BF4F-B929700CE922}.Debug 4.0|x86.ActiveCfg = Debug|Any CPU
		{97ED15E5-6546-4437-BF4F-B929700CE922}.Debug 4.0|x86.Build.0 = Debug|Any CPU
		{97ED15E5-6546-4437-BF4F-B929700CE922}.Debug|Any CPU.ActiveCfg = Debug|Any CPU
		{97ED15E5-6546-4437-BF4F-B929700CE922}.Debug|Any CPU.Build.0 = Debug|Any CPU
		{97ED15E5-6546-4437-BF4F-B929700CE922}.Debug|ARM.ActiveCfg = Debug|Any CPU
		{97ED15E5-6546-4437-BF4F-B929700CE922}.Debug|ARM.Build.0 = Debug|Any CPU
		{97ED15E5-6546-4437-BF4F-B929700CE922}.Debug|iPhone.ActiveCfg = Debug|Any CPU
		{97ED15E5-6546-4437-BF4F-B929700CE922}.Debug|iPhone.Build.0 = Debug|Any CPU
		{97ED15E5-6546-4437-BF4F-B929700CE922}.Debug|iPhoneSimulator.ActiveCfg = Debug|Any CPU
		{97ED15E5-6546-4437-BF4F-B929700CE922}.Debug|iPhoneSimulator.Build.0 = Debug|Any CPU
		{97ED15E5-6546-4437-BF4F-B929700CE922}.Debug|x64.ActiveCfg = Debug|Any CPU
		{97ED15E5-6546-4437-BF4F-B929700CE922}.Debug|x64.Build.0 = Debug|Any CPU
		{97ED15E5-6546-4437-BF4F-B929700CE922}.Debug|x86.ActiveCfg = Debug|Any CPU
		{97ED15E5-6546-4437-BF4F-B929700CE922}.Debug|x86.Build.0 = Debug|Any CPU
		{97ED15E5-6546-4437-BF4F-B929700CE922}.package_netstandard|Any CPU.ActiveCfg = Debug|Any CPU
		{97ED15E5-6546-4437-BF4F-B929700CE922}.package_netstandard|Any CPU.Build.0 = Debug|Any CPU
		{97ED15E5-6546-4437-BF4F-B929700CE922}.package_netstandard|ARM.ActiveCfg = Debug|Any CPU
		{97ED15E5-6546-4437-BF4F-B929700CE922}.package_netstandard|ARM.Build.0 = Debug|Any CPU
		{97ED15E5-6546-4437-BF4F-B929700CE922}.package_netstandard|iPhone.ActiveCfg = package|Any CPU
		{97ED15E5-6546-4437-BF4F-B929700CE922}.package_netstandard|iPhone.Build.0 = package|Any CPU
		{97ED15E5-6546-4437-BF4F-B929700CE922}.package_netstandard|iPhoneSimulator.ActiveCfg = package|Any CPU
		{97ED15E5-6546-4437-BF4F-B929700CE922}.package_netstandard|iPhoneSimulator.Build.0 = package|Any CPU
		{97ED15E5-6546-4437-BF4F-B929700CE922}.package_netstandard|x64.ActiveCfg = Debug|Any CPU
		{97ED15E5-6546-4437-BF4F-B929700CE922}.package_netstandard|x64.Build.0 = Debug|Any CPU
		{97ED15E5-6546-4437-BF4F-B929700CE922}.package_netstandard|x86.ActiveCfg = Debug|Any CPU
		{97ED15E5-6546-4437-BF4F-B929700CE922}.package_netstandard|x86.Build.0 = Debug|Any CPU
		{97ED15E5-6546-4437-BF4F-B929700CE922}.package|Any CPU.ActiveCfg = package|Any CPU
		{97ED15E5-6546-4437-BF4F-B929700CE922}.package|Any CPU.Build.0 = package|Any CPU
		{97ED15E5-6546-4437-BF4F-B929700CE922}.package|ARM.ActiveCfg = package|Any CPU
		{97ED15E5-6546-4437-BF4F-B929700CE922}.package|ARM.Build.0 = package|Any CPU
		{97ED15E5-6546-4437-BF4F-B929700CE922}.package|iPhone.ActiveCfg = package|Any CPU
		{97ED15E5-6546-4437-BF4F-B929700CE922}.package|iPhone.Build.0 = package|Any CPU
		{97ED15E5-6546-4437-BF4F-B929700CE922}.package|iPhoneSimulator.ActiveCfg = package|Any CPU
		{97ED15E5-6546-4437-BF4F-B929700CE922}.package|iPhoneSimulator.Build.0 = package|Any CPU
		{97ED15E5-6546-4437-BF4F-B929700CE922}.package|x64.ActiveCfg = package|Any CPU
		{97ED15E5-6546-4437-BF4F-B929700CE922}.package|x64.Build.0 = package|Any CPU
		{97ED15E5-6546-4437-BF4F-B929700CE922}.package|x86.ActiveCfg = package|Any CPU
		{97ED15E5-6546-4437-BF4F-B929700CE922}.package|x86.Build.0 = package|Any CPU
		{97ED15E5-6546-4437-BF4F-B929700CE922}.Release 4.0|Any CPU.ActiveCfg = Debug|Any CPU
		{97ED15E5-6546-4437-BF4F-B929700CE922}.Release 4.0|Any CPU.Build.0 = Debug|Any CPU
		{97ED15E5-6546-4437-BF4F-B929700CE922}.Release 4.0|ARM.ActiveCfg = Debug|Any CPU
		{97ED15E5-6546-4437-BF4F-B929700CE922}.Release 4.0|ARM.Build.0 = Debug|Any CPU
		{97ED15E5-6546-4437-BF4F-B929700CE922}.Release 4.0|iPhone.ActiveCfg = Release|Any CPU
		{97ED15E5-6546-4437-BF4F-B929700CE922}.Release 4.0|iPhone.Build.0 = Release|Any CPU
		{97ED15E5-6546-4437-BF4F-B929700CE922}.Release 4.0|iPhoneSimulator.ActiveCfg = Release|Any CPU
		{97ED15E5-6546-4437-BF4F-B929700CE922}.Release 4.0|iPhoneSimulator.Build.0 = Release|Any CPU
		{97ED15E5-6546-4437-BF4F-B929700CE922}.Release 4.0|x64.ActiveCfg = Debug|Any CPU
		{97ED15E5-6546-4437-BF4F-B929700CE922}.Release 4.0|x64.Build.0 = Debug|Any CPU
		{97ED15E5-6546-4437-BF4F-B929700CE922}.Release 4.0|x86.ActiveCfg = Debug|Any CPU
		{97ED15E5-6546-4437-BF4F-B929700CE922}.Release 4.0|x86.Build.0 = Debug|Any CPU
		{97ED15E5-6546-4437-BF4F-B929700CE922}.Release|Any CPU.ActiveCfg = Release|Any CPU
		{97ED15E5-6546-4437-BF4F-B929700CE922}.Release|Any CPU.Build.0 = Release|Any CPU
		{97ED15E5-6546-4437-BF4F-B929700CE922}.Release|ARM.ActiveCfg = Release|Any CPU
		{97ED15E5-6546-4437-BF4F-B929700CE922}.Release|ARM.Build.0 = Release|Any CPU
		{97ED15E5-6546-4437-BF4F-B929700CE922}.Release|iPhone.ActiveCfg = Release|Any CPU
		{97ED15E5-6546-4437-BF4F-B929700CE922}.Release|iPhone.Build.0 = Release|Any CPU
		{97ED15E5-6546-4437-BF4F-B929700CE922}.Release|iPhoneSimulator.ActiveCfg = Release|Any CPU
		{97ED15E5-6546-4437-BF4F-B929700CE922}.Release|iPhoneSimulator.Build.0 = Release|Any CPU
		{97ED15E5-6546-4437-BF4F-B929700CE922}.Release|x64.ActiveCfg = Release|Any CPU
		{97ED15E5-6546-4437-BF4F-B929700CE922}.Release|x64.Build.0 = Release|Any CPU
		{97ED15E5-6546-4437-BF4F-B929700CE922}.Release|x86.ActiveCfg = Release|Any CPU
		{97ED15E5-6546-4437-BF4F-B929700CE922}.Release|x86.Build.0 = Release|Any CPU
		{F0010AA8-63C3-47D7-95E9-A5D1D04DA325}.AppStore|Any CPU.ActiveCfg = Debug|Any CPU
		{F0010AA8-63C3-47D7-95E9-A5D1D04DA325}.AppStore|Any CPU.Build.0 = Debug|Any CPU
		{F0010AA8-63C3-47D7-95E9-A5D1D04DA325}.AppStore|ARM.ActiveCfg = Debug|Any CPU
		{F0010AA8-63C3-47D7-95E9-A5D1D04DA325}.AppStore|ARM.Build.0 = Debug|Any CPU
		{F0010AA8-63C3-47D7-95E9-A5D1D04DA325}.AppStore|iPhone.ActiveCfg = Release|Any CPU
		{F0010AA8-63C3-47D7-95E9-A5D1D04DA325}.AppStore|iPhone.Build.0 = Release|Any CPU
		{F0010AA8-63C3-47D7-95E9-A5D1D04DA325}.AppStore|iPhoneSimulator.ActiveCfg = Release|Any CPU
		{F0010AA8-63C3-47D7-95E9-A5D1D04DA325}.AppStore|iPhoneSimulator.Build.0 = Release|Any CPU
		{F0010AA8-63C3-47D7-95E9-A5D1D04DA325}.AppStore|x64.ActiveCfg = Debug|Any CPU
		{F0010AA8-63C3-47D7-95E9-A5D1D04DA325}.AppStore|x64.Build.0 = Debug|Any CPU
		{F0010AA8-63C3-47D7-95E9-A5D1D04DA325}.AppStore|x86.ActiveCfg = Debug|Any CPU
		{F0010AA8-63C3-47D7-95E9-A5D1D04DA325}.AppStore|x86.Build.0 = Debug|Any CPU
		{F0010AA8-63C3-47D7-95E9-A5D1D04DA325}.CI_Release|Any CPU.ActiveCfg = Debug|Any CPU
		{F0010AA8-63C3-47D7-95E9-A5D1D04DA325}.CI_Release|Any CPU.Build.0 = Debug|Any CPU
		{F0010AA8-63C3-47D7-95E9-A5D1D04DA325}.CI_Release|ARM.ActiveCfg = Debug|Any CPU
		{F0010AA8-63C3-47D7-95E9-A5D1D04DA325}.CI_Release|ARM.Build.0 = Debug|Any CPU
		{F0010AA8-63C3-47D7-95E9-A5D1D04DA325}.CI_Release|iPhone.ActiveCfg = Release|Any CPU
		{F0010AA8-63C3-47D7-95E9-A5D1D04DA325}.CI_Release|iPhone.Build.0 = Release|Any CPU
		{F0010AA8-63C3-47D7-95E9-A5D1D04DA325}.CI_Release|iPhoneSimulator.ActiveCfg = Release|Any CPU
		{F0010AA8-63C3-47D7-95E9-A5D1D04DA325}.CI_Release|iPhoneSimulator.Build.0 = Release|Any CPU
		{F0010AA8-63C3-47D7-95E9-A5D1D04DA325}.CI_Release|x64.ActiveCfg = Debug|Any CPU
		{F0010AA8-63C3-47D7-95E9-A5D1D04DA325}.CI_Release|x64.Build.0 = Debug|Any CPU
		{F0010AA8-63C3-47D7-95E9-A5D1D04DA325}.CI_Release|x86.ActiveCfg = Debug|Any CPU
		{F0010AA8-63C3-47D7-95E9-A5D1D04DA325}.CI_Release|x86.Build.0 = Debug|Any CPU
		{F0010AA8-63C3-47D7-95E9-A5D1D04DA325}.Debug 4.0|Any CPU.ActiveCfg = Debug|Any CPU
		{F0010AA8-63C3-47D7-95E9-A5D1D04DA325}.Debug 4.0|Any CPU.Build.0 = Debug|Any CPU
		{F0010AA8-63C3-47D7-95E9-A5D1D04DA325}.Debug 4.0|ARM.ActiveCfg = Debug|Any CPU
		{F0010AA8-63C3-47D7-95E9-A5D1D04DA325}.Debug 4.0|ARM.Build.0 = Debug|Any CPU
		{F0010AA8-63C3-47D7-95E9-A5D1D04DA325}.Debug 4.0|iPhone.ActiveCfg = Debug|Any CPU
		{F0010AA8-63C3-47D7-95E9-A5D1D04DA325}.Debug 4.0|iPhone.Build.0 = Debug|Any CPU
		{F0010AA8-63C3-47D7-95E9-A5D1D04DA325}.Debug 4.0|iPhoneSimulator.ActiveCfg = Debug|Any CPU
		{F0010AA8-63C3-47D7-95E9-A5D1D04DA325}.Debug 4.0|iPhoneSimulator.Build.0 = Debug|Any CPU
		{F0010AA8-63C3-47D7-95E9-A5D1D04DA325}.Debug 4.0|x64.ActiveCfg = Debug|Any CPU
		{F0010AA8-63C3-47D7-95E9-A5D1D04DA325}.Debug 4.0|x64.Build.0 = Debug|Any CPU
		{F0010AA8-63C3-47D7-95E9-A5D1D04DA325}.Debug 4.0|x86.ActiveCfg = Debug|Any CPU
		{F0010AA8-63C3-47D7-95E9-A5D1D04DA325}.Debug 4.0|x86.Build.0 = Debug|Any CPU
		{F0010AA8-63C3-47D7-95E9-A5D1D04DA325}.Debug|Any CPU.ActiveCfg = Debug|Any CPU
		{F0010AA8-63C3-47D7-95E9-A5D1D04DA325}.Debug|Any CPU.Build.0 = Debug|Any CPU
		{F0010AA8-63C3-47D7-95E9-A5D1D04DA325}.Debug|ARM.ActiveCfg = Debug|Any CPU
		{F0010AA8-63C3-47D7-95E9-A5D1D04DA325}.Debug|ARM.Build.0 = Debug|Any CPU
		{F0010AA8-63C3-47D7-95E9-A5D1D04DA325}.Debug|iPhone.ActiveCfg = Debug|Any CPU
		{F0010AA8-63C3-47D7-95E9-A5D1D04DA325}.Debug|iPhone.Build.0 = Debug|Any CPU
		{F0010AA8-63C3-47D7-95E9-A5D1D04DA325}.Debug|iPhoneSimulator.ActiveCfg = Debug|Any CPU
		{F0010AA8-63C3-47D7-95E9-A5D1D04DA325}.Debug|iPhoneSimulator.Build.0 = Debug|Any CPU
		{F0010AA8-63C3-47D7-95E9-A5D1D04DA325}.Debug|x64.ActiveCfg = Debug|Any CPU
		{F0010AA8-63C3-47D7-95E9-A5D1D04DA325}.Debug|x64.Build.0 = Debug|Any CPU
		{F0010AA8-63C3-47D7-95E9-A5D1D04DA325}.Debug|x86.ActiveCfg = Debug|Any CPU
		{F0010AA8-63C3-47D7-95E9-A5D1D04DA325}.Debug|x86.Build.0 = Debug|Any CPU
		{F0010AA8-63C3-47D7-95E9-A5D1D04DA325}.package_netstandard|Any CPU.ActiveCfg = Debug|Any CPU
		{F0010AA8-63C3-47D7-95E9-A5D1D04DA325}.package_netstandard|Any CPU.Build.0 = Debug|Any CPU
		{F0010AA8-63C3-47D7-95E9-A5D1D04DA325}.package_netstandard|ARM.ActiveCfg = Debug|Any CPU
		{F0010AA8-63C3-47D7-95E9-A5D1D04DA325}.package_netstandard|ARM.Build.0 = Debug|Any CPU
		{F0010AA8-63C3-47D7-95E9-A5D1D04DA325}.package_netstandard|iPhone.ActiveCfg = Release|Any CPU
		{F0010AA8-63C3-47D7-95E9-A5D1D04DA325}.package_netstandard|iPhone.Build.0 = Release|Any CPU
		{F0010AA8-63C3-47D7-95E9-A5D1D04DA325}.package_netstandard|iPhoneSimulator.ActiveCfg = Release|Any CPU
		{F0010AA8-63C3-47D7-95E9-A5D1D04DA325}.package_netstandard|iPhoneSimulator.Build.0 = Release|Any CPU
		{F0010AA8-63C3-47D7-95E9-A5D1D04DA325}.package_netstandard|x64.ActiveCfg = Debug|Any CPU
		{F0010AA8-63C3-47D7-95E9-A5D1D04DA325}.package_netstandard|x64.Build.0 = Debug|Any CPU
		{F0010AA8-63C3-47D7-95E9-A5D1D04DA325}.package_netstandard|x86.ActiveCfg = Debug|Any CPU
		{F0010AA8-63C3-47D7-95E9-A5D1D04DA325}.package_netstandard|x86.Build.0 = Debug|Any CPU
		{F0010AA8-63C3-47D7-95E9-A5D1D04DA325}.package|Any CPU.ActiveCfg = Debug|Any CPU
		{F0010AA8-63C3-47D7-95E9-A5D1D04DA325}.package|Any CPU.Build.0 = Debug|Any CPU
		{F0010AA8-63C3-47D7-95E9-A5D1D04DA325}.package|ARM.ActiveCfg = Debug|Any CPU
		{F0010AA8-63C3-47D7-95E9-A5D1D04DA325}.package|ARM.Build.0 = Debug|Any CPU
		{F0010AA8-63C3-47D7-95E9-A5D1D04DA325}.package|iPhone.ActiveCfg = Release|Any CPU
		{F0010AA8-63C3-47D7-95E9-A5D1D04DA325}.package|iPhone.Build.0 = Release|Any CPU
		{F0010AA8-63C3-47D7-95E9-A5D1D04DA325}.package|iPhoneSimulator.ActiveCfg = Release|Any CPU
		{F0010AA8-63C3-47D7-95E9-A5D1D04DA325}.package|iPhoneSimulator.Build.0 = Release|Any CPU
		{F0010AA8-63C3-47D7-95E9-A5D1D04DA325}.package|x64.ActiveCfg = Debug|Any CPU
		{F0010AA8-63C3-47D7-95E9-A5D1D04DA325}.package|x64.Build.0 = Debug|Any CPU
		{F0010AA8-63C3-47D7-95E9-A5D1D04DA325}.package|x86.ActiveCfg = Debug|Any CPU
		{F0010AA8-63C3-47D7-95E9-A5D1D04DA325}.package|x86.Build.0 = Debug|Any CPU
		{F0010AA8-63C3-47D7-95E9-A5D1D04DA325}.Release 4.0|Any CPU.ActiveCfg = Debug|Any CPU
		{F0010AA8-63C3-47D7-95E9-A5D1D04DA325}.Release 4.0|Any CPU.Build.0 = Debug|Any CPU
		{F0010AA8-63C3-47D7-95E9-A5D1D04DA325}.Release 4.0|ARM.ActiveCfg = Debug|Any CPU
		{F0010AA8-63C3-47D7-95E9-A5D1D04DA325}.Release 4.0|ARM.Build.0 = Debug|Any CPU
		{F0010AA8-63C3-47D7-95E9-A5D1D04DA325}.Release 4.0|iPhone.ActiveCfg = Release|Any CPU
		{F0010AA8-63C3-47D7-95E9-A5D1D04DA325}.Release 4.0|iPhone.Build.0 = Release|Any CPU
		{F0010AA8-63C3-47D7-95E9-A5D1D04DA325}.Release 4.0|iPhoneSimulator.ActiveCfg = Release|Any CPU
		{F0010AA8-63C3-47D7-95E9-A5D1D04DA325}.Release 4.0|iPhoneSimulator.Build.0 = Release|Any CPU
		{F0010AA8-63C3-47D7-95E9-A5D1D04DA325}.Release 4.0|x64.ActiveCfg = Debug|Any CPU
		{F0010AA8-63C3-47D7-95E9-A5D1D04DA325}.Release 4.0|x64.Build.0 = Debug|Any CPU
		{F0010AA8-63C3-47D7-95E9-A5D1D04DA325}.Release 4.0|x86.ActiveCfg = Debug|Any CPU
		{F0010AA8-63C3-47D7-95E9-A5D1D04DA325}.Release 4.0|x86.Build.0 = Debug|Any CPU
		{F0010AA8-63C3-47D7-95E9-A5D1D04DA325}.Release|Any CPU.ActiveCfg = Release|Any CPU
		{F0010AA8-63C3-47D7-95E9-A5D1D04DA325}.Release|Any CPU.Build.0 = Release|Any CPU
		{F0010AA8-63C3-47D7-95E9-A5D1D04DA325}.Release|ARM.ActiveCfg = Release|Any CPU
		{F0010AA8-63C3-47D7-95E9-A5D1D04DA325}.Release|ARM.Build.0 = Release|Any CPU
		{F0010AA8-63C3-47D7-95E9-A5D1D04DA325}.Release|iPhone.ActiveCfg = Release|Any CPU
		{F0010AA8-63C3-47D7-95E9-A5D1D04DA325}.Release|iPhone.Build.0 = Release|Any CPU
		{F0010AA8-63C3-47D7-95E9-A5D1D04DA325}.Release|iPhoneSimulator.ActiveCfg = Release|Any CPU
		{F0010AA8-63C3-47D7-95E9-A5D1D04DA325}.Release|iPhoneSimulator.Build.0 = Release|Any CPU
		{F0010AA8-63C3-47D7-95E9-A5D1D04DA325}.Release|x64.ActiveCfg = Release|Any CPU
		{F0010AA8-63C3-47D7-95E9-A5D1D04DA325}.Release|x64.Build.0 = Release|Any CPU
		{F0010AA8-63C3-47D7-95E9-A5D1D04DA325}.Release|x86.ActiveCfg = Release|Any CPU
		{F0010AA8-63C3-47D7-95E9-A5D1D04DA325}.Release|x86.Build.0 = Release|Any CPU
		{E1A8FDE2-FEFC-403E-99A0-F13847B1495E}.AppStore|Any CPU.ActiveCfg = Debug|Any CPU
		{E1A8FDE2-FEFC-403E-99A0-F13847B1495E}.AppStore|Any CPU.Build.0 = Debug|Any CPU
		{E1A8FDE2-FEFC-403E-99A0-F13847B1495E}.AppStore|ARM.ActiveCfg = Debug|Any CPU
		{E1A8FDE2-FEFC-403E-99A0-F13847B1495E}.AppStore|ARM.Build.0 = Debug|Any CPU
		{E1A8FDE2-FEFC-403E-99A0-F13847B1495E}.AppStore|iPhone.ActiveCfg = Release|Any CPU
		{E1A8FDE2-FEFC-403E-99A0-F13847B1495E}.AppStore|iPhone.Build.0 = Release|Any CPU
		{E1A8FDE2-FEFC-403E-99A0-F13847B1495E}.AppStore|iPhoneSimulator.ActiveCfg = Release|Any CPU
		{E1A8FDE2-FEFC-403E-99A0-F13847B1495E}.AppStore|iPhoneSimulator.Build.0 = Release|Any CPU
		{E1A8FDE2-FEFC-403E-99A0-F13847B1495E}.AppStore|x64.ActiveCfg = Debug|Any CPU
		{E1A8FDE2-FEFC-403E-99A0-F13847B1495E}.AppStore|x64.Build.0 = Debug|Any CPU
		{E1A8FDE2-FEFC-403E-99A0-F13847B1495E}.AppStore|x86.ActiveCfg = Debug|Any CPU
		{E1A8FDE2-FEFC-403E-99A0-F13847B1495E}.AppStore|x86.Build.0 = Debug|Any CPU
		{E1A8FDE2-FEFC-403E-99A0-F13847B1495E}.CI_Release|Any CPU.ActiveCfg = Debug|Any CPU
		{E1A8FDE2-FEFC-403E-99A0-F13847B1495E}.CI_Release|Any CPU.Build.0 = Debug|Any CPU
		{E1A8FDE2-FEFC-403E-99A0-F13847B1495E}.CI_Release|ARM.ActiveCfg = Debug|Any CPU
		{E1A8FDE2-FEFC-403E-99A0-F13847B1495E}.CI_Release|ARM.Build.0 = Debug|Any CPU
		{E1A8FDE2-FEFC-403E-99A0-F13847B1495E}.CI_Release|iPhone.ActiveCfg = Release|Any CPU
		{E1A8FDE2-FEFC-403E-99A0-F13847B1495E}.CI_Release|iPhone.Build.0 = Release|Any CPU
		{E1A8FDE2-FEFC-403E-99A0-F13847B1495E}.CI_Release|iPhoneSimulator.ActiveCfg = Release|Any CPU
		{E1A8FDE2-FEFC-403E-99A0-F13847B1495E}.CI_Release|iPhoneSimulator.Build.0 = Release|Any CPU
		{E1A8FDE2-FEFC-403E-99A0-F13847B1495E}.CI_Release|x64.ActiveCfg = Debug|Any CPU
		{E1A8FDE2-FEFC-403E-99A0-F13847B1495E}.CI_Release|x64.Build.0 = Debug|Any CPU
		{E1A8FDE2-FEFC-403E-99A0-F13847B1495E}.CI_Release|x86.ActiveCfg = Debug|Any CPU
		{E1A8FDE2-FEFC-403E-99A0-F13847B1495E}.CI_Release|x86.Build.0 = Debug|Any CPU
		{E1A8FDE2-FEFC-403E-99A0-F13847B1495E}.Debug 4.0|Any CPU.ActiveCfg = Debug|Any CPU
		{E1A8FDE2-FEFC-403E-99A0-F13847B1495E}.Debug 4.0|Any CPU.Build.0 = Debug|Any CPU
		{E1A8FDE2-FEFC-403E-99A0-F13847B1495E}.Debug 4.0|ARM.ActiveCfg = Debug|Any CPU
		{E1A8FDE2-FEFC-403E-99A0-F13847B1495E}.Debug 4.0|ARM.Build.0 = Debug|Any CPU
		{E1A8FDE2-FEFC-403E-99A0-F13847B1495E}.Debug 4.0|iPhone.ActiveCfg = Debug|Any CPU
		{E1A8FDE2-FEFC-403E-99A0-F13847B1495E}.Debug 4.0|iPhone.Build.0 = Debug|Any CPU
		{E1A8FDE2-FEFC-403E-99A0-F13847B1495E}.Debug 4.0|iPhoneSimulator.ActiveCfg = Debug|Any CPU
		{E1A8FDE2-FEFC-403E-99A0-F13847B1495E}.Debug 4.0|iPhoneSimulator.Build.0 = Debug|Any CPU
		{E1A8FDE2-FEFC-403E-99A0-F13847B1495E}.Debug 4.0|x64.ActiveCfg = Debug|Any CPU
		{E1A8FDE2-FEFC-403E-99A0-F13847B1495E}.Debug 4.0|x64.Build.0 = Debug|Any CPU
		{E1A8FDE2-FEFC-403E-99A0-F13847B1495E}.Debug 4.0|x86.ActiveCfg = Debug|Any CPU
		{E1A8FDE2-FEFC-403E-99A0-F13847B1495E}.Debug 4.0|x86.Build.0 = Debug|Any CPU
		{E1A8FDE2-FEFC-403E-99A0-F13847B1495E}.Debug|Any CPU.ActiveCfg = Debug|Any CPU
		{E1A8FDE2-FEFC-403E-99A0-F13847B1495E}.Debug|Any CPU.Build.0 = Debug|Any CPU
		{E1A8FDE2-FEFC-403E-99A0-F13847B1495E}.Debug|ARM.ActiveCfg = Debug|Any CPU
		{E1A8FDE2-FEFC-403E-99A0-F13847B1495E}.Debug|ARM.Build.0 = Debug|Any CPU
		{E1A8FDE2-FEFC-403E-99A0-F13847B1495E}.Debug|iPhone.ActiveCfg = Debug|Any CPU
		{E1A8FDE2-FEFC-403E-99A0-F13847B1495E}.Debug|iPhone.Build.0 = Debug|Any CPU
		{E1A8FDE2-FEFC-403E-99A0-F13847B1495E}.Debug|iPhoneSimulator.ActiveCfg = Debug|Any CPU
		{E1A8FDE2-FEFC-403E-99A0-F13847B1495E}.Debug|iPhoneSimulator.Build.0 = Debug|Any CPU
		{E1A8FDE2-FEFC-403E-99A0-F13847B1495E}.Debug|x64.ActiveCfg = Debug|Any CPU
		{E1A8FDE2-FEFC-403E-99A0-F13847B1495E}.Debug|x64.Build.0 = Debug|Any CPU
		{E1A8FDE2-FEFC-403E-99A0-F13847B1495E}.Debug|x86.ActiveCfg = Debug|Any CPU
		{E1A8FDE2-FEFC-403E-99A0-F13847B1495E}.Debug|x86.Build.0 = Debug|Any CPU
		{E1A8FDE2-FEFC-403E-99A0-F13847B1495E}.package_netstandard|Any CPU.ActiveCfg = Debug|Any CPU
		{E1A8FDE2-FEFC-403E-99A0-F13847B1495E}.package_netstandard|Any CPU.Build.0 = Debug|Any CPU
		{E1A8FDE2-FEFC-403E-99A0-F13847B1495E}.package_netstandard|ARM.ActiveCfg = Debug|Any CPU
		{E1A8FDE2-FEFC-403E-99A0-F13847B1495E}.package_netstandard|ARM.Build.0 = Debug|Any CPU
		{E1A8FDE2-FEFC-403E-99A0-F13847B1495E}.package_netstandard|iPhone.ActiveCfg = Release|Any CPU
		{E1A8FDE2-FEFC-403E-99A0-F13847B1495E}.package_netstandard|iPhone.Build.0 = Release|Any CPU
		{E1A8FDE2-FEFC-403E-99A0-F13847B1495E}.package_netstandard|iPhoneSimulator.ActiveCfg = Release|Any CPU
		{E1A8FDE2-FEFC-403E-99A0-F13847B1495E}.package_netstandard|iPhoneSimulator.Build.0 = Release|Any CPU
		{E1A8FDE2-FEFC-403E-99A0-F13847B1495E}.package_netstandard|x64.ActiveCfg = Debug|Any CPU
		{E1A8FDE2-FEFC-403E-99A0-F13847B1495E}.package_netstandard|x64.Build.0 = Debug|Any CPU
		{E1A8FDE2-FEFC-403E-99A0-F13847B1495E}.package_netstandard|x86.ActiveCfg = Debug|Any CPU
		{E1A8FDE2-FEFC-403E-99A0-F13847B1495E}.package_netstandard|x86.Build.0 = Debug|Any CPU
		{E1A8FDE2-FEFC-403E-99A0-F13847B1495E}.package|Any CPU.ActiveCfg = Debug|Any CPU
		{E1A8FDE2-FEFC-403E-99A0-F13847B1495E}.package|Any CPU.Build.0 = Debug|Any CPU
		{E1A8FDE2-FEFC-403E-99A0-F13847B1495E}.package|ARM.ActiveCfg = Debug|Any CPU
		{E1A8FDE2-FEFC-403E-99A0-F13847B1495E}.package|ARM.Build.0 = Debug|Any CPU
		{E1A8FDE2-FEFC-403E-99A0-F13847B1495E}.package|iPhone.ActiveCfg = Release|Any CPU
		{E1A8FDE2-FEFC-403E-99A0-F13847B1495E}.package|iPhone.Build.0 = Release|Any CPU
		{E1A8FDE2-FEFC-403E-99A0-F13847B1495E}.package|iPhoneSimulator.ActiveCfg = Release|Any CPU
		{E1A8FDE2-FEFC-403E-99A0-F13847B1495E}.package|iPhoneSimulator.Build.0 = Release|Any CPU
		{E1A8FDE2-FEFC-403E-99A0-F13847B1495E}.package|x64.ActiveCfg = Debug|Any CPU
		{E1A8FDE2-FEFC-403E-99A0-F13847B1495E}.package|x64.Build.0 = Debug|Any CPU
		{E1A8FDE2-FEFC-403E-99A0-F13847B1495E}.package|x86.ActiveCfg = Debug|Any CPU
		{E1A8FDE2-FEFC-403E-99A0-F13847B1495E}.package|x86.Build.0 = Debug|Any CPU
		{E1A8FDE2-FEFC-403E-99A0-F13847B1495E}.Release 4.0|Any CPU.ActiveCfg = Debug|Any CPU
		{E1A8FDE2-FEFC-403E-99A0-F13847B1495E}.Release 4.0|Any CPU.Build.0 = Debug|Any CPU
		{E1A8FDE2-FEFC-403E-99A0-F13847B1495E}.Release 4.0|ARM.ActiveCfg = Debug|Any CPU
		{E1A8FDE2-FEFC-403E-99A0-F13847B1495E}.Release 4.0|ARM.Build.0 = Debug|Any CPU
		{E1A8FDE2-FEFC-403E-99A0-F13847B1495E}.Release 4.0|iPhone.ActiveCfg = Release|Any CPU
		{E1A8FDE2-FEFC-403E-99A0-F13847B1495E}.Release 4.0|iPhone.Build.0 = Release|Any CPU
		{E1A8FDE2-FEFC-403E-99A0-F13847B1495E}.Release 4.0|iPhoneSimulator.ActiveCfg = Release|Any CPU
		{E1A8FDE2-FEFC-403E-99A0-F13847B1495E}.Release 4.0|iPhoneSimulator.Build.0 = Release|Any CPU
		{E1A8FDE2-FEFC-403E-99A0-F13847B1495E}.Release 4.0|x64.ActiveCfg = Debug|Any CPU
		{E1A8FDE2-FEFC-403E-99A0-F13847B1495E}.Release 4.0|x64.Build.0 = Debug|Any CPU
		{E1A8FDE2-FEFC-403E-99A0-F13847B1495E}.Release 4.0|x86.ActiveCfg = Debug|Any CPU
		{E1A8FDE2-FEFC-403E-99A0-F13847B1495E}.Release 4.0|x86.Build.0 = Debug|Any CPU
		{E1A8FDE2-FEFC-403E-99A0-F13847B1495E}.Release|Any CPU.ActiveCfg = Release|Any CPU
		{E1A8FDE2-FEFC-403E-99A0-F13847B1495E}.Release|Any CPU.Build.0 = Release|Any CPU
		{E1A8FDE2-FEFC-403E-99A0-F13847B1495E}.Release|ARM.ActiveCfg = Release|Any CPU
		{E1A8FDE2-FEFC-403E-99A0-F13847B1495E}.Release|ARM.Build.0 = Release|Any CPU
		{E1A8FDE2-FEFC-403E-99A0-F13847B1495E}.Release|iPhone.ActiveCfg = Release|Any CPU
		{E1A8FDE2-FEFC-403E-99A0-F13847B1495E}.Release|iPhone.Build.0 = Release|Any CPU
		{E1A8FDE2-FEFC-403E-99A0-F13847B1495E}.Release|iPhoneSimulator.ActiveCfg = Release|Any CPU
		{E1A8FDE2-FEFC-403E-99A0-F13847B1495E}.Release|iPhoneSimulator.Build.0 = Release|Any CPU
		{E1A8FDE2-FEFC-403E-99A0-F13847B1495E}.Release|x64.ActiveCfg = Release|Any CPU
		{E1A8FDE2-FEFC-403E-99A0-F13847B1495E}.Release|x64.Build.0 = Release|Any CPU
		{E1A8FDE2-FEFC-403E-99A0-F13847B1495E}.Release|x86.ActiveCfg = Release|Any CPU
		{E1A8FDE2-FEFC-403E-99A0-F13847B1495E}.Release|x86.Build.0 = Release|Any CPU
		{9922FA1F-F9E8-44FD-8B51-39E7C7D7737C}.AppStore|Any CPU.ActiveCfg = Debug|Any CPU
		{9922FA1F-F9E8-44FD-8B51-39E7C7D7737C}.AppStore|Any CPU.Build.0 = Debug|Any CPU
		{9922FA1F-F9E8-44FD-8B51-39E7C7D7737C}.AppStore|ARM.ActiveCfg = Debug|Any CPU
		{9922FA1F-F9E8-44FD-8B51-39E7C7D7737C}.AppStore|ARM.Build.0 = Debug|Any CPU
		{9922FA1F-F9E8-44FD-8B51-39E7C7D7737C}.AppStore|iPhone.ActiveCfg = Release|Any CPU
		{9922FA1F-F9E8-44FD-8B51-39E7C7D7737C}.AppStore|iPhone.Build.0 = Release|Any CPU
		{9922FA1F-F9E8-44FD-8B51-39E7C7D7737C}.AppStore|iPhoneSimulator.ActiveCfg = Release|Any CPU
		{9922FA1F-F9E8-44FD-8B51-39E7C7D7737C}.AppStore|iPhoneSimulator.Build.0 = Release|Any CPU
		{9922FA1F-F9E8-44FD-8B51-39E7C7D7737C}.AppStore|x64.ActiveCfg = Debug|Any CPU
		{9922FA1F-F9E8-44FD-8B51-39E7C7D7737C}.AppStore|x64.Build.0 = Debug|Any CPU
		{9922FA1F-F9E8-44FD-8B51-39E7C7D7737C}.AppStore|x86.ActiveCfg = Debug|Any CPU
		{9922FA1F-F9E8-44FD-8B51-39E7C7D7737C}.AppStore|x86.Build.0 = Debug|Any CPU
		{9922FA1F-F9E8-44FD-8B51-39E7C7D7737C}.CI_Release|Any CPU.ActiveCfg = Debug|Any CPU
		{9922FA1F-F9E8-44FD-8B51-39E7C7D7737C}.CI_Release|Any CPU.Build.0 = Debug|Any CPU
		{9922FA1F-F9E8-44FD-8B51-39E7C7D7737C}.CI_Release|ARM.ActiveCfg = Debug|Any CPU
		{9922FA1F-F9E8-44FD-8B51-39E7C7D7737C}.CI_Release|ARM.Build.0 = Debug|Any CPU
		{9922FA1F-F9E8-44FD-8B51-39E7C7D7737C}.CI_Release|iPhone.ActiveCfg = Release|Any CPU
		{9922FA1F-F9E8-44FD-8B51-39E7C7D7737C}.CI_Release|iPhone.Build.0 = Release|Any CPU
		{9922FA1F-F9E8-44FD-8B51-39E7C7D7737C}.CI_Release|iPhoneSimulator.ActiveCfg = Release|Any CPU
		{9922FA1F-F9E8-44FD-8B51-39E7C7D7737C}.CI_Release|iPhoneSimulator.Build.0 = Release|Any CPU
		{9922FA1F-F9E8-44FD-8B51-39E7C7D7737C}.CI_Release|x64.ActiveCfg = Debug|Any CPU
		{9922FA1F-F9E8-44FD-8B51-39E7C7D7737C}.CI_Release|x64.Build.0 = Debug|Any CPU
		{9922FA1F-F9E8-44FD-8B51-39E7C7D7737C}.CI_Release|x86.ActiveCfg = Debug|Any CPU
		{9922FA1F-F9E8-44FD-8B51-39E7C7D7737C}.CI_Release|x86.Build.0 = Debug|Any CPU
		{9922FA1F-F9E8-44FD-8B51-39E7C7D7737C}.Debug 4.0|Any CPU.ActiveCfg = Debug|Any CPU
		{9922FA1F-F9E8-44FD-8B51-39E7C7D7737C}.Debug 4.0|Any CPU.Build.0 = Debug|Any CPU
		{9922FA1F-F9E8-44FD-8B51-39E7C7D7737C}.Debug 4.0|ARM.ActiveCfg = Debug|Any CPU
		{9922FA1F-F9E8-44FD-8B51-39E7C7D7737C}.Debug 4.0|ARM.Build.0 = Debug|Any CPU
		{9922FA1F-F9E8-44FD-8B51-39E7C7D7737C}.Debug 4.0|iPhone.ActiveCfg = Debug|Any CPU
		{9922FA1F-F9E8-44FD-8B51-39E7C7D7737C}.Debug 4.0|iPhone.Build.0 = Debug|Any CPU
		{9922FA1F-F9E8-44FD-8B51-39E7C7D7737C}.Debug 4.0|iPhoneSimulator.ActiveCfg = Debug|Any CPU
		{9922FA1F-F9E8-44FD-8B51-39E7C7D7737C}.Debug 4.0|iPhoneSimulator.Build.0 = Debug|Any CPU
		{9922FA1F-F9E8-44FD-8B51-39E7C7D7737C}.Debug 4.0|x64.ActiveCfg = Debug|Any CPU
		{9922FA1F-F9E8-44FD-8B51-39E7C7D7737C}.Debug 4.0|x64.Build.0 = Debug|Any CPU
		{9922FA1F-F9E8-44FD-8B51-39E7C7D7737C}.Debug 4.0|x86.ActiveCfg = Debug|Any CPU
		{9922FA1F-F9E8-44FD-8B51-39E7C7D7737C}.Debug 4.0|x86.Build.0 = Debug|Any CPU
		{9922FA1F-F9E8-44FD-8B51-39E7C7D7737C}.Debug|Any CPU.ActiveCfg = Debug|Any CPU
		{9922FA1F-F9E8-44FD-8B51-39E7C7D7737C}.Debug|Any CPU.Build.0 = Debug|Any CPU
		{9922FA1F-F9E8-44FD-8B51-39E7C7D7737C}.Debug|ARM.ActiveCfg = Debug|Any CPU
		{9922FA1F-F9E8-44FD-8B51-39E7C7D7737C}.Debug|ARM.Build.0 = Debug|Any CPU
		{9922FA1F-F9E8-44FD-8B51-39E7C7D7737C}.Debug|iPhone.ActiveCfg = Debug|Any CPU
		{9922FA1F-F9E8-44FD-8B51-39E7C7D7737C}.Debug|iPhone.Build.0 = Debug|Any CPU
		{9922FA1F-F9E8-44FD-8B51-39E7C7D7737C}.Debug|iPhoneSimulator.ActiveCfg = Debug|Any CPU
		{9922FA1F-F9E8-44FD-8B51-39E7C7D7737C}.Debug|iPhoneSimulator.Build.0 = Debug|Any CPU
		{9922FA1F-F9E8-44FD-8B51-39E7C7D7737C}.Debug|x64.ActiveCfg = Debug|Any CPU
		{9922FA1F-F9E8-44FD-8B51-39E7C7D7737C}.Debug|x64.Build.0 = Debug|Any CPU
		{9922FA1F-F9E8-44FD-8B51-39E7C7D7737C}.Debug|x86.ActiveCfg = Debug|Any CPU
		{9922FA1F-F9E8-44FD-8B51-39E7C7D7737C}.Debug|x86.Build.0 = Debug|Any CPU
		{9922FA1F-F9E8-44FD-8B51-39E7C7D7737C}.package_netstandard|Any CPU.ActiveCfg = Debug|Any CPU
		{9922FA1F-F9E8-44FD-8B51-39E7C7D7737C}.package_netstandard|Any CPU.Build.0 = Debug|Any CPU
		{9922FA1F-F9E8-44FD-8B51-39E7C7D7737C}.package_netstandard|ARM.ActiveCfg = Debug|Any CPU
		{9922FA1F-F9E8-44FD-8B51-39E7C7D7737C}.package_netstandard|ARM.Build.0 = Debug|Any CPU
		{9922FA1F-F9E8-44FD-8B51-39E7C7D7737C}.package_netstandard|iPhone.ActiveCfg = Release|Any CPU
		{9922FA1F-F9E8-44FD-8B51-39E7C7D7737C}.package_netstandard|iPhone.Build.0 = Release|Any CPU
		{9922FA1F-F9E8-44FD-8B51-39E7C7D7737C}.package_netstandard|iPhoneSimulator.ActiveCfg = Release|Any CPU
		{9922FA1F-F9E8-44FD-8B51-39E7C7D7737C}.package_netstandard|iPhoneSimulator.Build.0 = Release|Any CPU
		{9922FA1F-F9E8-44FD-8B51-39E7C7D7737C}.package_netstandard|x64.ActiveCfg = Debug|Any CPU
		{9922FA1F-F9E8-44FD-8B51-39E7C7D7737C}.package_netstandard|x64.Build.0 = Debug|Any CPU
		{9922FA1F-F9E8-44FD-8B51-39E7C7D7737C}.package_netstandard|x86.ActiveCfg = Debug|Any CPU
		{9922FA1F-F9E8-44FD-8B51-39E7C7D7737C}.package_netstandard|x86.Build.0 = Debug|Any CPU
		{9922FA1F-F9E8-44FD-8B51-39E7C7D7737C}.package|Any CPU.ActiveCfg = Debug|Any CPU
		{9922FA1F-F9E8-44FD-8B51-39E7C7D7737C}.package|Any CPU.Build.0 = Debug|Any CPU
		{9922FA1F-F9E8-44FD-8B51-39E7C7D7737C}.package|ARM.ActiveCfg = Debug|Any CPU
		{9922FA1F-F9E8-44FD-8B51-39E7C7D7737C}.package|ARM.Build.0 = Debug|Any CPU
		{9922FA1F-F9E8-44FD-8B51-39E7C7D7737C}.package|iPhone.ActiveCfg = Release|Any CPU
		{9922FA1F-F9E8-44FD-8B51-39E7C7D7737C}.package|iPhone.Build.0 = Release|Any CPU
		{9922FA1F-F9E8-44FD-8B51-39E7C7D7737C}.package|iPhoneSimulator.ActiveCfg = Release|Any CPU
		{9922FA1F-F9E8-44FD-8B51-39E7C7D7737C}.package|iPhoneSimulator.Build.0 = Release|Any CPU
		{9922FA1F-F9E8-44FD-8B51-39E7C7D7737C}.package|x64.ActiveCfg = Debug|Any CPU
		{9922FA1F-F9E8-44FD-8B51-39E7C7D7737C}.package|x64.Build.0 = Debug|Any CPU
		{9922FA1F-F9E8-44FD-8B51-39E7C7D7737C}.package|x86.ActiveCfg = Debug|Any CPU
		{9922FA1F-F9E8-44FD-8B51-39E7C7D7737C}.package|x86.Build.0 = Debug|Any CPU
		{9922FA1F-F9E8-44FD-8B51-39E7C7D7737C}.Release 4.0|Any CPU.ActiveCfg = Debug|Any CPU
		{9922FA1F-F9E8-44FD-8B51-39E7C7D7737C}.Release 4.0|Any CPU.Build.0 = Debug|Any CPU
		{9922FA1F-F9E8-44FD-8B51-39E7C7D7737C}.Release 4.0|ARM.ActiveCfg = Debug|Any CPU
		{9922FA1F-F9E8-44FD-8B51-39E7C7D7737C}.Release 4.0|ARM.Build.0 = Debug|Any CPU
		{9922FA1F-F9E8-44FD-8B51-39E7C7D7737C}.Release 4.0|iPhone.ActiveCfg = Release|Any CPU
		{9922FA1F-F9E8-44FD-8B51-39E7C7D7737C}.Release 4.0|iPhone.Build.0 = Release|Any CPU
		{9922FA1F-F9E8-44FD-8B51-39E7C7D7737C}.Release 4.0|iPhoneSimulator.ActiveCfg = Release|Any CPU
		{9922FA1F-F9E8-44FD-8B51-39E7C7D7737C}.Release 4.0|iPhoneSimulator.Build.0 = Release|Any CPU
		{9922FA1F-F9E8-44FD-8B51-39E7C7D7737C}.Release 4.0|x64.ActiveCfg = Debug|Any CPU
		{9922FA1F-F9E8-44FD-8B51-39E7C7D7737C}.Release 4.0|x64.Build.0 = Debug|Any CPU
		{9922FA1F-F9E8-44FD-8B51-39E7C7D7737C}.Release 4.0|x86.ActiveCfg = Debug|Any CPU
		{9922FA1F-F9E8-44FD-8B51-39E7C7D7737C}.Release 4.0|x86.Build.0 = Debug|Any CPU
		{9922FA1F-F9E8-44FD-8B51-39E7C7D7737C}.Release|Any CPU.ActiveCfg = Release|Any CPU
		{9922FA1F-F9E8-44FD-8B51-39E7C7D7737C}.Release|Any CPU.Build.0 = Release|Any CPU
		{9922FA1F-F9E8-44FD-8B51-39E7C7D7737C}.Release|ARM.ActiveCfg = Release|Any CPU
		{9922FA1F-F9E8-44FD-8B51-39E7C7D7737C}.Release|ARM.Build.0 = Release|Any CPU
		{9922FA1F-F9E8-44FD-8B51-39E7C7D7737C}.Release|iPhone.ActiveCfg = Release|Any CPU
		{9922FA1F-F9E8-44FD-8B51-39E7C7D7737C}.Release|iPhone.Build.0 = Release|Any CPU
		{9922FA1F-F9E8-44FD-8B51-39E7C7D7737C}.Release|iPhoneSimulator.ActiveCfg = Release|Any CPU
		{9922FA1F-F9E8-44FD-8B51-39E7C7D7737C}.Release|iPhoneSimulator.Build.0 = Release|Any CPU
		{9922FA1F-F9E8-44FD-8B51-39E7C7D7737C}.Release|x64.ActiveCfg = Release|Any CPU
		{9922FA1F-F9E8-44FD-8B51-39E7C7D7737C}.Release|x64.Build.0 = Release|Any CPU
		{9922FA1F-F9E8-44FD-8B51-39E7C7D7737C}.Release|x86.ActiveCfg = Release|Any CPU
		{9922FA1F-F9E8-44FD-8B51-39E7C7D7737C}.Release|x86.Build.0 = Release|Any CPU
		{7050F177-1D55-4562-937C-56D117198BFB}.AppStore|Any CPU.ActiveCfg = Debug|Any CPU
		{7050F177-1D55-4562-937C-56D117198BFB}.AppStore|Any CPU.Build.0 = Debug|Any CPU
		{7050F177-1D55-4562-937C-56D117198BFB}.AppStore|Any CPU.Deploy.0 = Debug|Any CPU
		{7050F177-1D55-4562-937C-56D117198BFB}.AppStore|ARM.ActiveCfg = Debug|Any CPU
		{7050F177-1D55-4562-937C-56D117198BFB}.AppStore|ARM.Build.0 = Debug|Any CPU
		{7050F177-1D55-4562-937C-56D117198BFB}.AppStore|ARM.Deploy.0 = Debug|Any CPU
		{7050F177-1D55-4562-937C-56D117198BFB}.AppStore|iPhone.ActiveCfg = Debug|Any CPU
		{7050F177-1D55-4562-937C-56D117198BFB}.AppStore|iPhone.Build.0 = Debug|Any CPU
		{7050F177-1D55-4562-937C-56D117198BFB}.AppStore|iPhone.Deploy.0 = Debug|Any CPU
		{7050F177-1D55-4562-937C-56D117198BFB}.AppStore|iPhoneSimulator.ActiveCfg = Debug|Any CPU
		{7050F177-1D55-4562-937C-56D117198BFB}.AppStore|iPhoneSimulator.Build.0 = Debug|Any CPU
		{7050F177-1D55-4562-937C-56D117198BFB}.AppStore|iPhoneSimulator.Deploy.0 = Debug|Any CPU
		{7050F177-1D55-4562-937C-56D117198BFB}.AppStore|x64.ActiveCfg = Debug|Any CPU
		{7050F177-1D55-4562-937C-56D117198BFB}.AppStore|x64.Build.0 = Debug|Any CPU
		{7050F177-1D55-4562-937C-56D117198BFB}.AppStore|x64.Deploy.0 = Debug|Any CPU
		{7050F177-1D55-4562-937C-56D117198BFB}.AppStore|x86.ActiveCfg = Debug|Any CPU
		{7050F177-1D55-4562-937C-56D117198BFB}.AppStore|x86.Build.0 = Debug|Any CPU
		{7050F177-1D55-4562-937C-56D117198BFB}.AppStore|x86.Deploy.0 = Debug|Any CPU
		{7050F177-1D55-4562-937C-56D117198BFB}.CI_Release|Any CPU.ActiveCfg = Release|Any CPU
		{7050F177-1D55-4562-937C-56D117198BFB}.CI_Release|Any CPU.Build.0 = Release|Any CPU
		{7050F177-1D55-4562-937C-56D117198BFB}.CI_Release|Any CPU.Deploy.0 = Release|Any CPU
		{7050F177-1D55-4562-937C-56D117198BFB}.CI_Release|ARM.ActiveCfg = Release|Any CPU
		{7050F177-1D55-4562-937C-56D117198BFB}.CI_Release|ARM.Build.0 = Release|Any CPU
		{7050F177-1D55-4562-937C-56D117198BFB}.CI_Release|ARM.Deploy.0 = Release|Any CPU
		{7050F177-1D55-4562-937C-56D117198BFB}.CI_Release|iPhone.ActiveCfg = Release|Any CPU
		{7050F177-1D55-4562-937C-56D117198BFB}.CI_Release|iPhone.Build.0 = Release|Any CPU
		{7050F177-1D55-4562-937C-56D117198BFB}.CI_Release|iPhone.Deploy.0 = Release|Any CPU
		{7050F177-1D55-4562-937C-56D117198BFB}.CI_Release|iPhoneSimulator.ActiveCfg = Release|Any CPU
		{7050F177-1D55-4562-937C-56D117198BFB}.CI_Release|iPhoneSimulator.Build.0 = Release|Any CPU
		{7050F177-1D55-4562-937C-56D117198BFB}.CI_Release|iPhoneSimulator.Deploy.0 = Release|Any CPU
		{7050F177-1D55-4562-937C-56D117198BFB}.CI_Release|x64.ActiveCfg = Release|Any CPU
		{7050F177-1D55-4562-937C-56D117198BFB}.CI_Release|x64.Build.0 = Release|Any CPU
		{7050F177-1D55-4562-937C-56D117198BFB}.CI_Release|x64.Deploy.0 = Release|Any CPU
		{7050F177-1D55-4562-937C-56D117198BFB}.CI_Release|x86.ActiveCfg = Release|Any CPU
		{7050F177-1D55-4562-937C-56D117198BFB}.CI_Release|x86.Build.0 = Release|Any CPU
		{7050F177-1D55-4562-937C-56D117198BFB}.CI_Release|x86.Deploy.0 = Release|Any CPU
		{7050F177-1D55-4562-937C-56D117198BFB}.Debug 4.0|Any CPU.ActiveCfg = Debug|Any CPU
		{7050F177-1D55-4562-937C-56D117198BFB}.Debug 4.0|Any CPU.Build.0 = Debug|Any CPU
		{7050F177-1D55-4562-937C-56D117198BFB}.Debug 4.0|Any CPU.Deploy.0 = Debug|Any CPU
		{7050F177-1D55-4562-937C-56D117198BFB}.Debug 4.0|ARM.ActiveCfg = Debug|Any CPU
		{7050F177-1D55-4562-937C-56D117198BFB}.Debug 4.0|ARM.Build.0 = Debug|Any CPU
		{7050F177-1D55-4562-937C-56D117198BFB}.Debug 4.0|ARM.Deploy.0 = Debug|Any CPU
		{7050F177-1D55-4562-937C-56D117198BFB}.Debug 4.0|iPhone.ActiveCfg = Debug|Any CPU
		{7050F177-1D55-4562-937C-56D117198BFB}.Debug 4.0|iPhone.Build.0 = Debug|Any CPU
		{7050F177-1D55-4562-937C-56D117198BFB}.Debug 4.0|iPhone.Deploy.0 = Debug|Any CPU
		{7050F177-1D55-4562-937C-56D117198BFB}.Debug 4.0|iPhoneSimulator.ActiveCfg = Debug|Any CPU
		{7050F177-1D55-4562-937C-56D117198BFB}.Debug 4.0|iPhoneSimulator.Build.0 = Debug|Any CPU
		{7050F177-1D55-4562-937C-56D117198BFB}.Debug 4.0|iPhoneSimulator.Deploy.0 = Debug|Any CPU
		{7050F177-1D55-4562-937C-56D117198BFB}.Debug 4.0|x64.ActiveCfg = Debug|Any CPU
		{7050F177-1D55-4562-937C-56D117198BFB}.Debug 4.0|x64.Build.0 = Debug|Any CPU
		{7050F177-1D55-4562-937C-56D117198BFB}.Debug 4.0|x64.Deploy.0 = Debug|Any CPU
		{7050F177-1D55-4562-937C-56D117198BFB}.Debug 4.0|x86.ActiveCfg = Debug|Any CPU
		{7050F177-1D55-4562-937C-56D117198BFB}.Debug 4.0|x86.Build.0 = Debug|Any CPU
		{7050F177-1D55-4562-937C-56D117198BFB}.Debug 4.0|x86.Deploy.0 = Debug|Any CPU
		{7050F177-1D55-4562-937C-56D117198BFB}.Debug|Any CPU.ActiveCfg = Debug|Any CPU
		{7050F177-1D55-4562-937C-56D117198BFB}.Debug|Any CPU.Build.0 = Debug|Any CPU
		{7050F177-1D55-4562-937C-56D117198BFB}.Debug|Any CPU.Deploy.0 = Debug|Any CPU
		{7050F177-1D55-4562-937C-56D117198BFB}.Debug|ARM.ActiveCfg = Debug|Any CPU
		{7050F177-1D55-4562-937C-56D117198BFB}.Debug|ARM.Build.0 = Debug|Any CPU
		{7050F177-1D55-4562-937C-56D117198BFB}.Debug|ARM.Deploy.0 = Debug|Any CPU
		{7050F177-1D55-4562-937C-56D117198BFB}.Debug|iPhone.ActiveCfg = Debug|Any CPU
		{7050F177-1D55-4562-937C-56D117198BFB}.Debug|iPhone.Build.0 = Debug|Any CPU
		{7050F177-1D55-4562-937C-56D117198BFB}.Debug|iPhone.Deploy.0 = Debug|Any CPU
		{7050F177-1D55-4562-937C-56D117198BFB}.Debug|iPhoneSimulator.ActiveCfg = Debug|Any CPU
		{7050F177-1D55-4562-937C-56D117198BFB}.Debug|iPhoneSimulator.Build.0 = Debug|Any CPU
		{7050F177-1D55-4562-937C-56D117198BFB}.Debug|iPhoneSimulator.Deploy.0 = Debug|Any CPU
		{7050F177-1D55-4562-937C-56D117198BFB}.Debug|x64.ActiveCfg = Debug|Any CPU
		{7050F177-1D55-4562-937C-56D117198BFB}.Debug|x64.Build.0 = Debug|Any CPU
		{7050F177-1D55-4562-937C-56D117198BFB}.Debug|x64.Deploy.0 = Debug|Any CPU
		{7050F177-1D55-4562-937C-56D117198BFB}.Debug|x86.ActiveCfg = Debug|Any CPU
		{7050F177-1D55-4562-937C-56D117198BFB}.Debug|x86.Build.0 = Debug|Any CPU
		{7050F177-1D55-4562-937C-56D117198BFB}.Debug|x86.Deploy.0 = Debug|Any CPU
		{7050F177-1D55-4562-937C-56D117198BFB}.package_netstandard|Any CPU.ActiveCfg = Debug|Any CPU
		{7050F177-1D55-4562-937C-56D117198BFB}.package_netstandard|Any CPU.Build.0 = Debug|Any CPU
		{7050F177-1D55-4562-937C-56D117198BFB}.package_netstandard|Any CPU.Deploy.0 = Debug|Any CPU
		{7050F177-1D55-4562-937C-56D117198BFB}.package_netstandard|ARM.ActiveCfg = Debug|Any CPU
		{7050F177-1D55-4562-937C-56D117198BFB}.package_netstandard|ARM.Build.0 = Debug|Any CPU
		{7050F177-1D55-4562-937C-56D117198BFB}.package_netstandard|ARM.Deploy.0 = Debug|Any CPU
		{7050F177-1D55-4562-937C-56D117198BFB}.package_netstandard|iPhone.ActiveCfg = Debug|Any CPU
		{7050F177-1D55-4562-937C-56D117198BFB}.package_netstandard|iPhone.Build.0 = Debug|Any CPU
		{7050F177-1D55-4562-937C-56D117198BFB}.package_netstandard|iPhone.Deploy.0 = Debug|Any CPU
		{7050F177-1D55-4562-937C-56D117198BFB}.package_netstandard|iPhoneSimulator.ActiveCfg = Debug|Any CPU
		{7050F177-1D55-4562-937C-56D117198BFB}.package_netstandard|iPhoneSimulator.Build.0 = Debug|Any CPU
		{7050F177-1D55-4562-937C-56D117198BFB}.package_netstandard|iPhoneSimulator.Deploy.0 = Debug|Any CPU
		{7050F177-1D55-4562-937C-56D117198BFB}.package_netstandard|x64.ActiveCfg = Debug|Any CPU
		{7050F177-1D55-4562-937C-56D117198BFB}.package_netstandard|x64.Build.0 = Debug|Any CPU
		{7050F177-1D55-4562-937C-56D117198BFB}.package_netstandard|x64.Deploy.0 = Debug|Any CPU
		{7050F177-1D55-4562-937C-56D117198BFB}.package_netstandard|x86.ActiveCfg = Debug|Any CPU
		{7050F177-1D55-4562-937C-56D117198BFB}.package_netstandard|x86.Build.0 = Debug|Any CPU
		{7050F177-1D55-4562-937C-56D117198BFB}.package_netstandard|x86.Deploy.0 = Debug|Any CPU
		{7050F177-1D55-4562-937C-56D117198BFB}.package|Any CPU.ActiveCfg = Debug|Any CPU
		{7050F177-1D55-4562-937C-56D117198BFB}.package|Any CPU.Build.0 = Debug|Any CPU
		{7050F177-1D55-4562-937C-56D117198BFB}.package|Any CPU.Deploy.0 = Debug|Any CPU
		{7050F177-1D55-4562-937C-56D117198BFB}.package|ARM.ActiveCfg = Debug|Any CPU
		{7050F177-1D55-4562-937C-56D117198BFB}.package|ARM.Build.0 = Debug|Any CPU
		{7050F177-1D55-4562-937C-56D117198BFB}.package|ARM.Deploy.0 = Debug|Any CPU
		{7050F177-1D55-4562-937C-56D117198BFB}.package|iPhone.ActiveCfg = Debug|Any CPU
		{7050F177-1D55-4562-937C-56D117198BFB}.package|iPhone.Build.0 = Debug|Any CPU
		{7050F177-1D55-4562-937C-56D117198BFB}.package|iPhone.Deploy.0 = Debug|Any CPU
		{7050F177-1D55-4562-937C-56D117198BFB}.package|iPhoneSimulator.ActiveCfg = Debug|Any CPU
		{7050F177-1D55-4562-937C-56D117198BFB}.package|iPhoneSimulator.Build.0 = Debug|Any CPU
		{7050F177-1D55-4562-937C-56D117198BFB}.package|iPhoneSimulator.Deploy.0 = Debug|Any CPU
		{7050F177-1D55-4562-937C-56D117198BFB}.package|x64.ActiveCfg = Debug|Any CPU
		{7050F177-1D55-4562-937C-56D117198BFB}.package|x64.Build.0 = Debug|Any CPU
		{7050F177-1D55-4562-937C-56D117198BFB}.package|x64.Deploy.0 = Debug|Any CPU
		{7050F177-1D55-4562-937C-56D117198BFB}.package|x86.ActiveCfg = Debug|Any CPU
		{7050F177-1D55-4562-937C-56D117198BFB}.package|x86.Build.0 = Debug|Any CPU
		{7050F177-1D55-4562-937C-56D117198BFB}.package|x86.Deploy.0 = Debug|Any CPU
		{7050F177-1D55-4562-937C-56D117198BFB}.Release 4.0|Any CPU.ActiveCfg = Release|Any CPU
		{7050F177-1D55-4562-937C-56D117198BFB}.Release 4.0|Any CPU.Build.0 = Release|Any CPU
		{7050F177-1D55-4562-937C-56D117198BFB}.Release 4.0|Any CPU.Deploy.0 = Release|Any CPU
		{7050F177-1D55-4562-937C-56D117198BFB}.Release 4.0|ARM.ActiveCfg = Release|Any CPU
		{7050F177-1D55-4562-937C-56D117198BFB}.Release 4.0|ARM.Build.0 = Release|Any CPU
		{7050F177-1D55-4562-937C-56D117198BFB}.Release 4.0|ARM.Deploy.0 = Release|Any CPU
		{7050F177-1D55-4562-937C-56D117198BFB}.Release 4.0|iPhone.ActiveCfg = Release|Any CPU
		{7050F177-1D55-4562-937C-56D117198BFB}.Release 4.0|iPhone.Build.0 = Release|Any CPU
		{7050F177-1D55-4562-937C-56D117198BFB}.Release 4.0|iPhone.Deploy.0 = Release|Any CPU
		{7050F177-1D55-4562-937C-56D117198BFB}.Release 4.0|iPhoneSimulator.ActiveCfg = Release|Any CPU
		{7050F177-1D55-4562-937C-56D117198BFB}.Release 4.0|iPhoneSimulator.Build.0 = Release|Any CPU
		{7050F177-1D55-4562-937C-56D117198BFB}.Release 4.0|iPhoneSimulator.Deploy.0 = Release|Any CPU
		{7050F177-1D55-4562-937C-56D117198BFB}.Release 4.0|x64.ActiveCfg = Release|Any CPU
		{7050F177-1D55-4562-937C-56D117198BFB}.Release 4.0|x64.Build.0 = Release|Any CPU
		{7050F177-1D55-4562-937C-56D117198BFB}.Release 4.0|x64.Deploy.0 = Release|Any CPU
		{7050F177-1D55-4562-937C-56D117198BFB}.Release 4.0|x86.ActiveCfg = Release|Any CPU
		{7050F177-1D55-4562-937C-56D117198BFB}.Release 4.0|x86.Build.0 = Release|Any CPU
		{7050F177-1D55-4562-937C-56D117198BFB}.Release 4.0|x86.Deploy.0 = Release|Any CPU
		{7050F177-1D55-4562-937C-56D117198BFB}.Release|Any CPU.ActiveCfg = Release|Any CPU
		{7050F177-1D55-4562-937C-56D117198BFB}.Release|Any CPU.Build.0 = Release|Any CPU
		{7050F177-1D55-4562-937C-56D117198BFB}.Release|Any CPU.Deploy.0 = Release|Any CPU
		{7050F177-1D55-4562-937C-56D117198BFB}.Release|ARM.ActiveCfg = Release|Any CPU
		{7050F177-1D55-4562-937C-56D117198BFB}.Release|ARM.Build.0 = Release|Any CPU
		{7050F177-1D55-4562-937C-56D117198BFB}.Release|ARM.Deploy.0 = Release|Any CPU
		{7050F177-1D55-4562-937C-56D117198BFB}.Release|iPhone.ActiveCfg = Release|Any CPU
		{7050F177-1D55-4562-937C-56D117198BFB}.Release|iPhone.Build.0 = Release|Any CPU
		{7050F177-1D55-4562-937C-56D117198BFB}.Release|iPhone.Deploy.0 = Release|Any CPU
		{7050F177-1D55-4562-937C-56D117198BFB}.Release|iPhoneSimulator.ActiveCfg = Release|Any CPU
		{7050F177-1D55-4562-937C-56D117198BFB}.Release|iPhoneSimulator.Build.0 = Release|Any CPU
		{7050F177-1D55-4562-937C-56D117198BFB}.Release|iPhoneSimulator.Deploy.0 = Release|Any CPU
		{7050F177-1D55-4562-937C-56D117198BFB}.Release|x64.ActiveCfg = Release|Any CPU
		{7050F177-1D55-4562-937C-56D117198BFB}.Release|x64.Build.0 = Release|Any CPU
		{7050F177-1D55-4562-937C-56D117198BFB}.Release|x64.Deploy.0 = Release|Any CPU
		{7050F177-1D55-4562-937C-56D117198BFB}.Release|x86.ActiveCfg = Release|Any CPU
		{7050F177-1D55-4562-937C-56D117198BFB}.Release|x86.Build.0 = Release|Any CPU
		{7050F177-1D55-4562-937C-56D117198BFB}.Release|x86.Deploy.0 = Release|Any CPU
		{75256FFE-5F9A-4F4F-BD78-37F6489488FD}.AppStore|Any CPU.ActiveCfg = Debug|iPhoneSimulator
		{75256FFE-5F9A-4F4F-BD78-37F6489488FD}.AppStore|Any CPU.Build.0 = Debug|iPhoneSimulator
		{75256FFE-5F9A-4F4F-BD78-37F6489488FD}.AppStore|ARM.ActiveCfg = Debug|iPhoneSimulator
		{75256FFE-5F9A-4F4F-BD78-37F6489488FD}.AppStore|ARM.Build.0 = Debug|iPhoneSimulator
		{75256FFE-5F9A-4F4F-BD78-37F6489488FD}.AppStore|iPhone.ActiveCfg = Debug|iPhone
		{75256FFE-5F9A-4F4F-BD78-37F6489488FD}.AppStore|iPhone.Build.0 = Debug|iPhone
		{75256FFE-5F9A-4F4F-BD78-37F6489488FD}.AppStore|iPhoneSimulator.ActiveCfg = Debug|iPhoneSimulator
		{75256FFE-5F9A-4F4F-BD78-37F6489488FD}.AppStore|iPhoneSimulator.Build.0 = Debug|iPhoneSimulator
		{75256FFE-5F9A-4F4F-BD78-37F6489488FD}.AppStore|x64.ActiveCfg = Debug|iPhoneSimulator
		{75256FFE-5F9A-4F4F-BD78-37F6489488FD}.AppStore|x64.Build.0 = Debug|iPhoneSimulator
		{75256FFE-5F9A-4F4F-BD78-37F6489488FD}.AppStore|x86.ActiveCfg = Debug|iPhoneSimulator
		{75256FFE-5F9A-4F4F-BD78-37F6489488FD}.AppStore|x86.Build.0 = Debug|iPhoneSimulator
		{75256FFE-5F9A-4F4F-BD78-37F6489488FD}.CI_Release|Any CPU.ActiveCfg = Debug|iPhoneSimulator
		{75256FFE-5F9A-4F4F-BD78-37F6489488FD}.CI_Release|Any CPU.Build.0 = Debug|iPhoneSimulator
		{75256FFE-5F9A-4F4F-BD78-37F6489488FD}.CI_Release|ARM.ActiveCfg = Debug|iPhoneSimulator
		{75256FFE-5F9A-4F4F-BD78-37F6489488FD}.CI_Release|ARM.Build.0 = Debug|iPhoneSimulator
		{75256FFE-5F9A-4F4F-BD78-37F6489488FD}.CI_Release|iPhone.ActiveCfg = Release|iPhone
		{75256FFE-5F9A-4F4F-BD78-37F6489488FD}.CI_Release|iPhone.Build.0 = Release|iPhone
		{75256FFE-5F9A-4F4F-BD78-37F6489488FD}.CI_Release|iPhoneSimulator.ActiveCfg = Release|iPhoneSimulator
		{75256FFE-5F9A-4F4F-BD78-37F6489488FD}.CI_Release|iPhoneSimulator.Build.0 = Release|iPhoneSimulator
		{75256FFE-5F9A-4F4F-BD78-37F6489488FD}.CI_Release|x64.ActiveCfg = Debug|iPhoneSimulator
		{75256FFE-5F9A-4F4F-BD78-37F6489488FD}.CI_Release|x64.Build.0 = Debug|iPhoneSimulator
		{75256FFE-5F9A-4F4F-BD78-37F6489488FD}.CI_Release|x86.ActiveCfg = Debug|iPhoneSimulator
		{75256FFE-5F9A-4F4F-BD78-37F6489488FD}.CI_Release|x86.Build.0 = Debug|iPhoneSimulator
		{75256FFE-5F9A-4F4F-BD78-37F6489488FD}.Debug 4.0|Any CPU.ActiveCfg = Debug|iPhoneSimulator
		{75256FFE-5F9A-4F4F-BD78-37F6489488FD}.Debug 4.0|Any CPU.Build.0 = Debug|iPhoneSimulator
		{75256FFE-5F9A-4F4F-BD78-37F6489488FD}.Debug 4.0|ARM.ActiveCfg = Debug|iPhoneSimulator
		{75256FFE-5F9A-4F4F-BD78-37F6489488FD}.Debug 4.0|ARM.Build.0 = Debug|iPhoneSimulator
		{75256FFE-5F9A-4F4F-BD78-37F6489488FD}.Debug 4.0|iPhone.ActiveCfg = Debug|iPhone
		{75256FFE-5F9A-4F4F-BD78-37F6489488FD}.Debug 4.0|iPhone.Build.0 = Debug|iPhone
		{75256FFE-5F9A-4F4F-BD78-37F6489488FD}.Debug 4.0|iPhoneSimulator.ActiveCfg = Debug|iPhoneSimulator
		{75256FFE-5F9A-4F4F-BD78-37F6489488FD}.Debug 4.0|iPhoneSimulator.Build.0 = Debug|iPhoneSimulator
		{75256FFE-5F9A-4F4F-BD78-37F6489488FD}.Debug 4.0|x64.ActiveCfg = Debug|iPhoneSimulator
		{75256FFE-5F9A-4F4F-BD78-37F6489488FD}.Debug 4.0|x64.Build.0 = Debug|iPhoneSimulator
		{75256FFE-5F9A-4F4F-BD78-37F6489488FD}.Debug 4.0|x86.ActiveCfg = Debug|iPhoneSimulator
		{75256FFE-5F9A-4F4F-BD78-37F6489488FD}.Debug 4.0|x86.Build.0 = Debug|iPhoneSimulator
		{75256FFE-5F9A-4F4F-BD78-37F6489488FD}.Debug|Any CPU.ActiveCfg = Debug|iPhoneSimulator
		{75256FFE-5F9A-4F4F-BD78-37F6489488FD}.Debug|ARM.ActiveCfg = Debug|iPhoneSimulator
		{75256FFE-5F9A-4F4F-BD78-37F6489488FD}.Debug|iPhone.ActiveCfg = Debug|iPhone
		{75256FFE-5F9A-4F4F-BD78-37F6489488FD}.Debug|iPhone.Build.0 = Debug|iPhone
		{75256FFE-5F9A-4F4F-BD78-37F6489488FD}.Debug|iPhoneSimulator.ActiveCfg = Debug|iPhoneSimulator
		{75256FFE-5F9A-4F4F-BD78-37F6489488FD}.Debug|iPhoneSimulator.Build.0 = Debug|iPhoneSimulator
		{75256FFE-5F9A-4F4F-BD78-37F6489488FD}.Debug|x64.ActiveCfg = Debug|iPhoneSimulator
		{75256FFE-5F9A-4F4F-BD78-37F6489488FD}.Debug|x86.ActiveCfg = Debug|iPhoneSimulator
		{75256FFE-5F9A-4F4F-BD78-37F6489488FD}.package_netstandard|Any CPU.ActiveCfg = Debug|iPhoneSimulator
		{75256FFE-5F9A-4F4F-BD78-37F6489488FD}.package_netstandard|Any CPU.Build.0 = Debug|iPhoneSimulator
		{75256FFE-5F9A-4F4F-BD78-37F6489488FD}.package_netstandard|ARM.ActiveCfg = Debug|iPhoneSimulator
		{75256FFE-5F9A-4F4F-BD78-37F6489488FD}.package_netstandard|ARM.Build.0 = Debug|iPhoneSimulator
		{75256FFE-5F9A-4F4F-BD78-37F6489488FD}.package_netstandard|iPhone.ActiveCfg = Debug|iPhone
		{75256FFE-5F9A-4F4F-BD78-37F6489488FD}.package_netstandard|iPhone.Build.0 = Debug|iPhone
		{75256FFE-5F9A-4F4F-BD78-37F6489488FD}.package_netstandard|iPhoneSimulator.ActiveCfg = Debug|iPhoneSimulator
		{75256FFE-5F9A-4F4F-BD78-37F6489488FD}.package_netstandard|iPhoneSimulator.Build.0 = Debug|iPhoneSimulator
		{75256FFE-5F9A-4F4F-BD78-37F6489488FD}.package_netstandard|x64.ActiveCfg = Debug|iPhoneSimulator
		{75256FFE-5F9A-4F4F-BD78-37F6489488FD}.package_netstandard|x64.Build.0 = Debug|iPhoneSimulator
		{75256FFE-5F9A-4F4F-BD78-37F6489488FD}.package_netstandard|x86.ActiveCfg = Debug|iPhoneSimulator
		{75256FFE-5F9A-4F4F-BD78-37F6489488FD}.package_netstandard|x86.Build.0 = Debug|iPhoneSimulator
		{75256FFE-5F9A-4F4F-BD78-37F6489488FD}.package|Any CPU.ActiveCfg = Debug|iPhoneSimulator
		{75256FFE-5F9A-4F4F-BD78-37F6489488FD}.package|Any CPU.Build.0 = Debug|iPhoneSimulator
		{75256FFE-5F9A-4F4F-BD78-37F6489488FD}.package|ARM.ActiveCfg = Debug|iPhoneSimulator
		{75256FFE-5F9A-4F4F-BD78-37F6489488FD}.package|ARM.Build.0 = Debug|iPhoneSimulator
		{75256FFE-5F9A-4F4F-BD78-37F6489488FD}.package|iPhone.ActiveCfg = Debug|iPhone
		{75256FFE-5F9A-4F4F-BD78-37F6489488FD}.package|iPhone.Build.0 = Debug|iPhone
		{75256FFE-5F9A-4F4F-BD78-37F6489488FD}.package|iPhoneSimulator.ActiveCfg = Debug|iPhoneSimulator
		{75256FFE-5F9A-4F4F-BD78-37F6489488FD}.package|iPhoneSimulator.Build.0 = Debug|iPhoneSimulator
		{75256FFE-5F9A-4F4F-BD78-37F6489488FD}.package|x64.ActiveCfg = Debug|iPhoneSimulator
		{75256FFE-5F9A-4F4F-BD78-37F6489488FD}.package|x64.Build.0 = Debug|iPhoneSimulator
		{75256FFE-5F9A-4F4F-BD78-37F6489488FD}.package|x86.ActiveCfg = Debug|iPhoneSimulator
		{75256FFE-5F9A-4F4F-BD78-37F6489488FD}.package|x86.Build.0 = Debug|iPhoneSimulator
		{75256FFE-5F9A-4F4F-BD78-37F6489488FD}.Release 4.0|Any CPU.ActiveCfg = Debug|iPhoneSimulator
		{75256FFE-5F9A-4F4F-BD78-37F6489488FD}.Release 4.0|Any CPU.Build.0 = Debug|iPhoneSimulator
		{75256FFE-5F9A-4F4F-BD78-37F6489488FD}.Release 4.0|ARM.ActiveCfg = Debug|iPhoneSimulator
		{75256FFE-5F9A-4F4F-BD78-37F6489488FD}.Release 4.0|ARM.Build.0 = Debug|iPhoneSimulator
		{75256FFE-5F9A-4F4F-BD78-37F6489488FD}.Release 4.0|iPhone.ActiveCfg = Release|iPhone
		{75256FFE-5F9A-4F4F-BD78-37F6489488FD}.Release 4.0|iPhone.Build.0 = Release|iPhone
		{75256FFE-5F9A-4F4F-BD78-37F6489488FD}.Release 4.0|iPhoneSimulator.ActiveCfg = Release|iPhoneSimulator
		{75256FFE-5F9A-4F4F-BD78-37F6489488FD}.Release 4.0|iPhoneSimulator.Build.0 = Release|iPhoneSimulator
		{75256FFE-5F9A-4F4F-BD78-37F6489488FD}.Release 4.0|x64.ActiveCfg = Debug|iPhoneSimulator
		{75256FFE-5F9A-4F4F-BD78-37F6489488FD}.Release 4.0|x64.Build.0 = Debug|iPhoneSimulator
		{75256FFE-5F9A-4F4F-BD78-37F6489488FD}.Release 4.0|x86.ActiveCfg = Debug|iPhoneSimulator
		{75256FFE-5F9A-4F4F-BD78-37F6489488FD}.Release 4.0|x86.Build.0 = Debug|iPhoneSimulator
		{75256FFE-5F9A-4F4F-BD78-37F6489488FD}.Release|Any CPU.ActiveCfg = Release|iPhoneSimulator
		{75256FFE-5F9A-4F4F-BD78-37F6489488FD}.Release|ARM.ActiveCfg = Release|iPhoneSimulator
		{75256FFE-5F9A-4F4F-BD78-37F6489488FD}.Release|iPhone.ActiveCfg = Release|iPhone
		{75256FFE-5F9A-4F4F-BD78-37F6489488FD}.Release|iPhone.Build.0 = Release|iPhone
		{75256FFE-5F9A-4F4F-BD78-37F6489488FD}.Release|iPhoneSimulator.ActiveCfg = Release|iPhoneSimulator
		{75256FFE-5F9A-4F4F-BD78-37F6489488FD}.Release|iPhoneSimulator.Build.0 = Release|iPhoneSimulator
		{75256FFE-5F9A-4F4F-BD78-37F6489488FD}.Release|x64.ActiveCfg = Release|iPhoneSimulator
		{75256FFE-5F9A-4F4F-BD78-37F6489488FD}.Release|x86.ActiveCfg = Release|iPhoneSimulator
		{181C3DF6-5C17-4A68-83B9-1CEBE3DE5445}.AppStore|Any CPU.ActiveCfg = Debug|Any CPU
		{181C3DF6-5C17-4A68-83B9-1CEBE3DE5445}.AppStore|Any CPU.Build.0 = Debug|Any CPU
		{181C3DF6-5C17-4A68-83B9-1CEBE3DE5445}.AppStore|ARM.ActiveCfg = Debug|Any CPU
		{181C3DF6-5C17-4A68-83B9-1CEBE3DE5445}.AppStore|ARM.Build.0 = Debug|Any CPU
		{181C3DF6-5C17-4A68-83B9-1CEBE3DE5445}.AppStore|iPhone.ActiveCfg = Debug|Any CPU
		{181C3DF6-5C17-4A68-83B9-1CEBE3DE5445}.AppStore|iPhone.Build.0 = Debug|Any CPU
		{181C3DF6-5C17-4A68-83B9-1CEBE3DE5445}.AppStore|iPhoneSimulator.ActiveCfg = Debug|Any CPU
		{181C3DF6-5C17-4A68-83B9-1CEBE3DE5445}.AppStore|iPhoneSimulator.Build.0 = Debug|Any CPU
		{181C3DF6-5C17-4A68-83B9-1CEBE3DE5445}.AppStore|x64.ActiveCfg = Debug|Any CPU
		{181C3DF6-5C17-4A68-83B9-1CEBE3DE5445}.AppStore|x64.Build.0 = Debug|Any CPU
		{181C3DF6-5C17-4A68-83B9-1CEBE3DE5445}.AppStore|x86.ActiveCfg = Debug|Any CPU
		{181C3DF6-5C17-4A68-83B9-1CEBE3DE5445}.AppStore|x86.Build.0 = Debug|Any CPU
		{181C3DF6-5C17-4A68-83B9-1CEBE3DE5445}.CI_Release|Any CPU.ActiveCfg = Release|Any CPU
		{181C3DF6-5C17-4A68-83B9-1CEBE3DE5445}.CI_Release|Any CPU.Build.0 = Release|Any CPU
		{181C3DF6-5C17-4A68-83B9-1CEBE3DE5445}.CI_Release|ARM.ActiveCfg = Release|Any CPU
		{181C3DF6-5C17-4A68-83B9-1CEBE3DE5445}.CI_Release|ARM.Build.0 = Release|Any CPU
		{181C3DF6-5C17-4A68-83B9-1CEBE3DE5445}.CI_Release|iPhone.ActiveCfg = Release|Any CPU
		{181C3DF6-5C17-4A68-83B9-1CEBE3DE5445}.CI_Release|iPhone.Build.0 = Release|Any CPU
		{181C3DF6-5C17-4A68-83B9-1CEBE3DE5445}.CI_Release|iPhoneSimulator.ActiveCfg = Release|Any CPU
		{181C3DF6-5C17-4A68-83B9-1CEBE3DE5445}.CI_Release|iPhoneSimulator.Build.0 = Release|Any CPU
		{181C3DF6-5C17-4A68-83B9-1CEBE3DE5445}.CI_Release|x64.ActiveCfg = Release|Any CPU
		{181C3DF6-5C17-4A68-83B9-1CEBE3DE5445}.CI_Release|x64.Build.0 = Release|Any CPU
		{181C3DF6-5C17-4A68-83B9-1CEBE3DE5445}.CI_Release|x86.ActiveCfg = Release|Any CPU
		{181C3DF6-5C17-4A68-83B9-1CEBE3DE5445}.CI_Release|x86.Build.0 = Release|Any CPU
		{181C3DF6-5C17-4A68-83B9-1CEBE3DE5445}.Debug 4.0|Any CPU.ActiveCfg = Debug|Any CPU
		{181C3DF6-5C17-4A68-83B9-1CEBE3DE5445}.Debug 4.0|Any CPU.Build.0 = Debug|Any CPU
		{181C3DF6-5C17-4A68-83B9-1CEBE3DE5445}.Debug 4.0|ARM.ActiveCfg = Debug|Any CPU
		{181C3DF6-5C17-4A68-83B9-1CEBE3DE5445}.Debug 4.0|ARM.Build.0 = Debug|Any CPU
		{181C3DF6-5C17-4A68-83B9-1CEBE3DE5445}.Debug 4.0|iPhone.ActiveCfg = Debug|Any CPU
		{181C3DF6-5C17-4A68-83B9-1CEBE3DE5445}.Debug 4.0|iPhone.Build.0 = Debug|Any CPU
		{181C3DF6-5C17-4A68-83B9-1CEBE3DE5445}.Debug 4.0|iPhoneSimulator.ActiveCfg = Debug|Any CPU
		{181C3DF6-5C17-4A68-83B9-1CEBE3DE5445}.Debug 4.0|iPhoneSimulator.Build.0 = Debug|Any CPU
		{181C3DF6-5C17-4A68-83B9-1CEBE3DE5445}.Debug 4.0|x64.ActiveCfg = Debug|Any CPU
		{181C3DF6-5C17-4A68-83B9-1CEBE3DE5445}.Debug 4.0|x64.Build.0 = Debug|Any CPU
		{181C3DF6-5C17-4A68-83B9-1CEBE3DE5445}.Debug 4.0|x86.ActiveCfg = Debug|Any CPU
		{181C3DF6-5C17-4A68-83B9-1CEBE3DE5445}.Debug 4.0|x86.Build.0 = Debug|Any CPU
		{181C3DF6-5C17-4A68-83B9-1CEBE3DE5445}.Debug|Any CPU.ActiveCfg = Debug|Any CPU
		{181C3DF6-5C17-4A68-83B9-1CEBE3DE5445}.Debug|Any CPU.Build.0 = Debug|Any CPU
		{181C3DF6-5C17-4A68-83B9-1CEBE3DE5445}.Debug|ARM.ActiveCfg = Debug|Any CPU
		{181C3DF6-5C17-4A68-83B9-1CEBE3DE5445}.Debug|ARM.Build.0 = Debug|Any CPU
		{181C3DF6-5C17-4A68-83B9-1CEBE3DE5445}.Debug|iPhone.ActiveCfg = Debug|Any CPU
		{181C3DF6-5C17-4A68-83B9-1CEBE3DE5445}.Debug|iPhone.Build.0 = Debug|Any CPU
		{181C3DF6-5C17-4A68-83B9-1CEBE3DE5445}.Debug|iPhoneSimulator.ActiveCfg = Debug|Any CPU
		{181C3DF6-5C17-4A68-83B9-1CEBE3DE5445}.Debug|iPhoneSimulator.Build.0 = Debug|Any CPU
		{181C3DF6-5C17-4A68-83B9-1CEBE3DE5445}.Debug|x64.ActiveCfg = Debug|Any CPU
		{181C3DF6-5C17-4A68-83B9-1CEBE3DE5445}.Debug|x64.Build.0 = Debug|Any CPU
		{181C3DF6-5C17-4A68-83B9-1CEBE3DE5445}.Debug|x86.ActiveCfg = Debug|Any CPU
		{181C3DF6-5C17-4A68-83B9-1CEBE3DE5445}.Debug|x86.Build.0 = Debug|Any CPU
		{181C3DF6-5C17-4A68-83B9-1CEBE3DE5445}.package_netstandard|Any CPU.ActiveCfg = Debug|Any CPU
		{181C3DF6-5C17-4A68-83B9-1CEBE3DE5445}.package_netstandard|Any CPU.Build.0 = Debug|Any CPU
		{181C3DF6-5C17-4A68-83B9-1CEBE3DE5445}.package_netstandard|ARM.ActiveCfg = Debug|Any CPU
		{181C3DF6-5C17-4A68-83B9-1CEBE3DE5445}.package_netstandard|ARM.Build.0 = Debug|Any CPU
		{181C3DF6-5C17-4A68-83B9-1CEBE3DE5445}.package_netstandard|iPhone.ActiveCfg = Debug|Any CPU
		{181C3DF6-5C17-4A68-83B9-1CEBE3DE5445}.package_netstandard|iPhone.Build.0 = Debug|Any CPU
		{181C3DF6-5C17-4A68-83B9-1CEBE3DE5445}.package_netstandard|iPhoneSimulator.ActiveCfg = Debug|Any CPU
		{181C3DF6-5C17-4A68-83B9-1CEBE3DE5445}.package_netstandard|iPhoneSimulator.Build.0 = Debug|Any CPU
		{181C3DF6-5C17-4A68-83B9-1CEBE3DE5445}.package_netstandard|x64.ActiveCfg = Debug|Any CPU
		{181C3DF6-5C17-4A68-83B9-1CEBE3DE5445}.package_netstandard|x64.Build.0 = Debug|Any CPU
		{181C3DF6-5C17-4A68-83B9-1CEBE3DE5445}.package_netstandard|x86.ActiveCfg = Debug|Any CPU
		{181C3DF6-5C17-4A68-83B9-1CEBE3DE5445}.package_netstandard|x86.Build.0 = Debug|Any CPU
		{181C3DF6-5C17-4A68-83B9-1CEBE3DE5445}.package|Any CPU.ActiveCfg = Debug|Any CPU
		{181C3DF6-5C17-4A68-83B9-1CEBE3DE5445}.package|Any CPU.Build.0 = Debug|Any CPU
		{181C3DF6-5C17-4A68-83B9-1CEBE3DE5445}.package|ARM.ActiveCfg = Debug|Any CPU
		{181C3DF6-5C17-4A68-83B9-1CEBE3DE5445}.package|ARM.Build.0 = Debug|Any CPU
		{181C3DF6-5C17-4A68-83B9-1CEBE3DE5445}.package|iPhone.ActiveCfg = Debug|Any CPU
		{181C3DF6-5C17-4A68-83B9-1CEBE3DE5445}.package|iPhone.Build.0 = Debug|Any CPU
		{181C3DF6-5C17-4A68-83B9-1CEBE3DE5445}.package|iPhoneSimulator.ActiveCfg = Debug|Any CPU
		{181C3DF6-5C17-4A68-83B9-1CEBE3DE5445}.package|iPhoneSimulator.Build.0 = Debug|Any CPU
		{181C3DF6-5C17-4A68-83B9-1CEBE3DE5445}.package|x64.ActiveCfg = Debug|Any CPU
		{181C3DF6-5C17-4A68-83B9-1CEBE3DE5445}.package|x64.Build.0 = Debug|Any CPU
		{181C3DF6-5C17-4A68-83B9-1CEBE3DE5445}.package|x86.ActiveCfg = Debug|Any CPU
		{181C3DF6-5C17-4A68-83B9-1CEBE3DE5445}.package|x86.Build.0 = Debug|Any CPU
		{181C3DF6-5C17-4A68-83B9-1CEBE3DE5445}.Release 4.0|Any CPU.ActiveCfg = Release|Any CPU
		{181C3DF6-5C17-4A68-83B9-1CEBE3DE5445}.Release 4.0|Any CPU.Build.0 = Release|Any CPU
		{181C3DF6-5C17-4A68-83B9-1CEBE3DE5445}.Release 4.0|ARM.ActiveCfg = Release|Any CPU
		{181C3DF6-5C17-4A68-83B9-1CEBE3DE5445}.Release 4.0|ARM.Build.0 = Release|Any CPU
		{181C3DF6-5C17-4A68-83B9-1CEBE3DE5445}.Release 4.0|iPhone.ActiveCfg = Release|Any CPU
		{181C3DF6-5C17-4A68-83B9-1CEBE3DE5445}.Release 4.0|iPhone.Build.0 = Release|Any CPU
		{181C3DF6-5C17-4A68-83B9-1CEBE3DE5445}.Release 4.0|iPhoneSimulator.ActiveCfg = Release|Any CPU
		{181C3DF6-5C17-4A68-83B9-1CEBE3DE5445}.Release 4.0|iPhoneSimulator.Build.0 = Release|Any CPU
		{181C3DF6-5C17-4A68-83B9-1CEBE3DE5445}.Release 4.0|x64.ActiveCfg = Release|Any CPU
		{181C3DF6-5C17-4A68-83B9-1CEBE3DE5445}.Release 4.0|x64.Build.0 = Release|Any CPU
		{181C3DF6-5C17-4A68-83B9-1CEBE3DE5445}.Release 4.0|x86.ActiveCfg = Release|Any CPU
		{181C3DF6-5C17-4A68-83B9-1CEBE3DE5445}.Release 4.0|x86.Build.0 = Release|Any CPU
		{181C3DF6-5C17-4A68-83B9-1CEBE3DE5445}.Release|Any CPU.ActiveCfg = Release|Any CPU
		{181C3DF6-5C17-4A68-83B9-1CEBE3DE5445}.Release|Any CPU.Build.0 = Release|Any CPU
		{181C3DF6-5C17-4A68-83B9-1CEBE3DE5445}.Release|ARM.ActiveCfg = Release|Any CPU
		{181C3DF6-5C17-4A68-83B9-1CEBE3DE5445}.Release|ARM.Build.0 = Release|Any CPU
		{181C3DF6-5C17-4A68-83B9-1CEBE3DE5445}.Release|iPhone.ActiveCfg = Release|Any CPU
		{181C3DF6-5C17-4A68-83B9-1CEBE3DE5445}.Release|iPhone.Build.0 = Release|Any CPU
		{181C3DF6-5C17-4A68-83B9-1CEBE3DE5445}.Release|iPhoneSimulator.ActiveCfg = Release|Any CPU
		{181C3DF6-5C17-4A68-83B9-1CEBE3DE5445}.Release|iPhoneSimulator.Build.0 = Release|Any CPU
		{181C3DF6-5C17-4A68-83B9-1CEBE3DE5445}.Release|x64.ActiveCfg = Release|Any CPU
		{181C3DF6-5C17-4A68-83B9-1CEBE3DE5445}.Release|x64.Build.0 = Release|Any CPU
		{181C3DF6-5C17-4A68-83B9-1CEBE3DE5445}.Release|x86.ActiveCfg = Release|Any CPU
		{181C3DF6-5C17-4A68-83B9-1CEBE3DE5445}.Release|x86.Build.0 = Release|Any CPU
	EndGlobalSection
	GlobalSection(SolutionProperties) = preSolution
		HideSolutionNode = FALSE
	EndGlobalSection
	GlobalSection(NestedProjects) = preSolution
		{24B6FC97-9D3D-46AE-B5CB-47458354BEE1} = {8A0F718E-2168-4CC7-8F7B-A65508B52B0F}
		{8BB7B13C-E9F4-4D1B-BCCC-AF890A23ECE6} = {8A0F718E-2168-4CC7-8F7B-A65508B52B0F}
		{3553E1B2-8F1F-4E83-9524-08E702C14FCF} = {8A0F718E-2168-4CC7-8F7B-A65508B52B0F}
		{EEBF3249-3CA3-4078-A188-F8B916C3F4C2} = {8A0F718E-2168-4CC7-8F7B-A65508B52B0F}
		{1609F12C-8216-4E7C-ADE0-240BFE160242} = {C2F43DB7-AAA0-4687-9897-5D686EC91245}
		{53CA3FD4-E11A-4368-A7A5-BCAB40D08BED} = {8A0F718E-2168-4CC7-8F7B-A65508B52B0F}
		{97ED15E5-6546-4437-BF4F-B929700CE922} = {8A0F718E-2168-4CC7-8F7B-A65508B52B0F}
		{F0010AA8-63C3-47D7-95E9-A5D1D04DA325} = {8A0F718E-2168-4CC7-8F7B-A65508B52B0F}
		{E1A8FDE2-FEFC-403E-99A0-F13847B1495E} = {8A0F718E-2168-4CC7-8F7B-A65508B52B0F}
		{9922FA1F-F9E8-44FD-8B51-39E7C7D7737C} = {C2F43DB7-AAA0-4687-9897-5D686EC91245}
		{7050F177-1D55-4562-937C-56D117198BFB} = {390019FF-0139-4EB0-90FF-9BF6E68BEB42}
		{75256FFE-5F9A-4F4F-BD78-37F6489488FD} = {390019FF-0139-4EB0-90FF-9BF6E68BEB42}
		{181C3DF6-5C17-4A68-83B9-1CEBE3DE5445} = {390019FF-0139-4EB0-90FF-9BF6E68BEB42}
	EndGlobalSection
	GlobalSection(ExtensibilityGlobals) = postSolution
		SolutionGuid = {F69D4156-FC22-4B8E-AD72-2A7323D42CC4}
	EndGlobalSection
EndGlobal
