
Microsoft Visual Studio Solution File, Format Version 12.00
# Visual Studio 15
VisualStudioVersion = 15.0.26430.16
MinimumVisualStudioVersion = 10.0.40219.1
Project("{2150E333-8FDC-42A3-9474-1A3956D46DE8}") = ".nuget", ".nuget", "{1EA29F05-BF68-4BA8-A58F-C7C131E3FC62}"
	ProjectSection(SolutionItems) = preProject
		.nuget\NuGet.Config = .nuget\NuGet.Config
	EndProjectSection
EndProject
Project("{D954291E-2A0B-460D-934E-DC6B0785DB48}") = "IO.Ably.Shared", "IO.Ably.Shared\IO.Ably.Shared.shproj", "{3553E1B2-8F1F-4E83-9524-08E702C14FCF}"
EndProject
Project("{FAE04EC0-301F-11D3-BF4B-00C04F79EFBC}") = "IO.Ably.Android", "IO.Ably.Android\IO.Ably.Android.csproj", "{24B6FC97-9D3D-46AE-B5CB-47458354BEE1}"
EndProject
Project("{FAE04EC0-301F-11D3-BF4B-00C04F79EFBC}") = "IO.Ably.iOS", "IO.Ably.iOS\IO.Ably.iOS.csproj", "{8BB7B13C-E9F4-4D1B-BCCC-AF890A23ECE6}"
EndProject
Project("{FAE04EC0-301F-11D3-BF4B-00C04F79EFBC}") = "IO.Ably.Net45", "IO.Ably.Net45\IO.Ably.Net45.csproj", "{2D265650-B1EC-4F8D-B043-A2E3DCC23FD8}"
EndProject
Project("{2150E333-8FDC-42A3-9474-1A3956D46DE8}") = "Ably", "Ably", "{8A0F718E-2168-4CC7-8F7B-A65508B52B0F}"
EndProject
Project("{FAE04EC0-301F-11D3-BF4B-00C04F79EFBC}") = "IO.Ably.Standard", "IO.Ably.Standard\IO.Ably.Standard.csproj", "{A10B2558-D263-48E1-BCCB-3E56CF1101F4}"
EndProject
Global
	GlobalSection(SharedMSBuildProjectFiles) = preSolution
		IO.Ably.Shared\IO.Ably.Shared.projitems*{24b6fc97-9d3d-46ae-b5cb-47458354bee1}*SharedItemsImports = 4
		IO.Ably.Shared\IO.Ably.Shared.projitems*{2d265650-b1ec-4f8d-b043-a2e3dcc23fd8}*SharedItemsImports = 4
		IO.Ably.Shared\IO.Ably.Shared.projitems*{3553e1b2-8f1f-4e83-9524-08e702c14fcf}*SharedItemsImports = 13
		IO.Ably.Shared\IO.Ably.Shared.projitems*{8bb7b13c-e9f4-4d1b-bccc-af890a23ece6}*SharedItemsImports = 4
		IO.Ably.Shared\IO.Ably.Shared.projitems*{a10b2558-d263-48e1-bccb-3e56cf1101f4}*SharedItemsImports = 4
	EndGlobalSection
	GlobalSection(SolutionConfigurationPlatforms) = preSolution
		AppStore|Any CPU = AppStore|Any CPU
		AppStore|ARM = AppStore|ARM
		AppStore|x64 = AppStore|x64
		AppStore|x86 = AppStore|x86
		Debug 4.0|Any CPU = Debug 4.0|Any CPU
		Debug 4.0|ARM = Debug 4.0|ARM
		Debug 4.0|x64 = Debug 4.0|x64
		Debug 4.0|x86 = Debug 4.0|x86
		Debug|Any CPU = Debug|Any CPU
		Debug|ARM = Debug|ARM
		Debug|x64 = Debug|x64
		Debug|x86 = Debug|x86
		Release 4.0|Any CPU = Release 4.0|Any CPU
		Release 4.0|ARM = Release 4.0|ARM
		Release 4.0|x64 = Release 4.0|x64
		Release 4.0|x86 = Release 4.0|x86
		Release|Any CPU = Release|Any CPU
		Release|ARM = Release|ARM
		Release|x64 = Release|x64
		Release|x86 = Release|x86
	EndGlobalSection
	GlobalSection(ProjectConfigurationPlatforms) = postSolution
		{24B6FC97-9D3D-46AE-B5CB-47458354BEE1}.AppStore|Any CPU.ActiveCfg = Release|Any CPU
		{24B6FC97-9D3D-46AE-B5CB-47458354BEE1}.AppStore|Any CPU.Build.0 = Release|Any CPU
		{24B6FC97-9D3D-46AE-B5CB-47458354BEE1}.AppStore|ARM.ActiveCfg = Release|Any CPU
		{24B6FC97-9D3D-46AE-B5CB-47458354BEE1}.AppStore|ARM.Build.0 = Release|Any CPU
		{24B6FC97-9D3D-46AE-B5CB-47458354BEE1}.AppStore|x64.ActiveCfg = Debug|Any CPU
		{24B6FC97-9D3D-46AE-B5CB-47458354BEE1}.AppStore|x64.Build.0 = Debug|Any CPU
		{24B6FC97-9D3D-46AE-B5CB-47458354BEE1}.AppStore|x86.ActiveCfg = Release|Any CPU
		{24B6FC97-9D3D-46AE-B5CB-47458354BEE1}.AppStore|x86.Build.0 = Release|Any CPU
		{24B6FC97-9D3D-46AE-B5CB-47458354BEE1}.Debug 4.0|Any CPU.ActiveCfg = Debug|Any CPU
		{24B6FC97-9D3D-46AE-B5CB-47458354BEE1}.Debug 4.0|Any CPU.Build.0 = Debug|Any CPU
		{24B6FC97-9D3D-46AE-B5CB-47458354BEE1}.Debug 4.0|ARM.ActiveCfg = Debug|Any CPU
		{24B6FC97-9D3D-46AE-B5CB-47458354BEE1}.Debug 4.0|ARM.Build.0 = Debug|Any CPU
		{24B6FC97-9D3D-46AE-B5CB-47458354BEE1}.Debug 4.0|x64.ActiveCfg = Debug|Any CPU
		{24B6FC97-9D3D-46AE-B5CB-47458354BEE1}.Debug 4.0|x64.Build.0 = Debug|Any CPU
		{24B6FC97-9D3D-46AE-B5CB-47458354BEE1}.Debug 4.0|x86.ActiveCfg = Debug|Any CPU
		{24B6FC97-9D3D-46AE-B5CB-47458354BEE1}.Debug 4.0|x86.Build.0 = Debug|Any CPU
		{24B6FC97-9D3D-46AE-B5CB-47458354BEE1}.Debug|Any CPU.ActiveCfg = Debug|Any CPU
		{24B6FC97-9D3D-46AE-B5CB-47458354BEE1}.Debug|Any CPU.Build.0 = Debug|Any CPU
		{24B6FC97-9D3D-46AE-B5CB-47458354BEE1}.Debug|ARM.ActiveCfg = Debug|Any CPU
		{24B6FC97-9D3D-46AE-B5CB-47458354BEE1}.Debug|ARM.Build.0 = Debug|Any CPU
		{24B6FC97-9D3D-46AE-B5CB-47458354BEE1}.Debug|x64.ActiveCfg = Debug|Any CPU
		{24B6FC97-9D3D-46AE-B5CB-47458354BEE1}.Debug|x64.Build.0 = Debug|Any CPU
		{24B6FC97-9D3D-46AE-B5CB-47458354BEE1}.Debug|x86.ActiveCfg = Debug|Any CPU
		{24B6FC97-9D3D-46AE-B5CB-47458354BEE1}.Debug|x86.Build.0 = Debug|Any CPU
		{24B6FC97-9D3D-46AE-B5CB-47458354BEE1}.Release 4.0|Any CPU.ActiveCfg = Release|Any CPU
		{24B6FC97-9D3D-46AE-B5CB-47458354BEE1}.Release 4.0|Any CPU.Build.0 = Release|Any CPU
		{24B6FC97-9D3D-46AE-B5CB-47458354BEE1}.Release 4.0|ARM.ActiveCfg = Release|Any CPU
		{24B6FC97-9D3D-46AE-B5CB-47458354BEE1}.Release 4.0|ARM.Build.0 = Release|Any CPU
		{24B6FC97-9D3D-46AE-B5CB-47458354BEE1}.Release 4.0|x64.ActiveCfg = Release|Any CPU
		{24B6FC97-9D3D-46AE-B5CB-47458354BEE1}.Release 4.0|x64.Build.0 = Release|Any CPU
		{24B6FC97-9D3D-46AE-B5CB-47458354BEE1}.Release 4.0|x86.ActiveCfg = Release|Any CPU
		{24B6FC97-9D3D-46AE-B5CB-47458354BEE1}.Release 4.0|x86.Build.0 = Release|Any CPU
		{24B6FC97-9D3D-46AE-B5CB-47458354BEE1}.Release|Any CPU.ActiveCfg = Release|Any CPU
		{24B6FC97-9D3D-46AE-B5CB-47458354BEE1}.Release|Any CPU.Build.0 = Release|Any CPU
		{24B6FC97-9D3D-46AE-B5CB-47458354BEE1}.Release|ARM.ActiveCfg = Release|Any CPU
		{24B6FC97-9D3D-46AE-B5CB-47458354BEE1}.Release|ARM.Build.0 = Release|Any CPU
		{24B6FC97-9D3D-46AE-B5CB-47458354BEE1}.Release|x64.ActiveCfg = Release|Any CPU
		{24B6FC97-9D3D-46AE-B5CB-47458354BEE1}.Release|x64.Build.0 = Release|Any CPU
		{24B6FC97-9D3D-46AE-B5CB-47458354BEE1}.Release|x86.ActiveCfg = Release|Any CPU
		{24B6FC97-9D3D-46AE-B5CB-47458354BEE1}.Release|x86.Build.0 = Release|Any CPU
		{8BB7B13C-E9F4-4D1B-BCCC-AF890A23ECE6}.AppStore|Any CPU.ActiveCfg = Release|Any CPU
		{8BB7B13C-E9F4-4D1B-BCCC-AF890A23ECE6}.AppStore|Any CPU.Build.0 = Release|Any CPU
		{8BB7B13C-E9F4-4D1B-BCCC-AF890A23ECE6}.AppStore|ARM.ActiveCfg = Release|Any CPU
		{8BB7B13C-E9F4-4D1B-BCCC-AF890A23ECE6}.AppStore|ARM.Build.0 = Release|Any CPU
		{8BB7B13C-E9F4-4D1B-BCCC-AF890A23ECE6}.AppStore|x64.ActiveCfg = Release|Any CPU
		{8BB7B13C-E9F4-4D1B-BCCC-AF890A23ECE6}.AppStore|x64.Build.0 = Release|Any CPU
		{8BB7B13C-E9F4-4D1B-BCCC-AF890A23ECE6}.AppStore|x86.ActiveCfg = Release|Any CPU
		{8BB7B13C-E9F4-4D1B-BCCC-AF890A23ECE6}.AppStore|x86.Build.0 = Release|Any CPU
		{8BB7B13C-E9F4-4D1B-BCCC-AF890A23ECE6}.Debug 4.0|Any CPU.ActiveCfg = Debug|Any CPU
		{8BB7B13C-E9F4-4D1B-BCCC-AF890A23ECE6}.Debug 4.0|Any CPU.Build.0 = Debug|Any CPU
		{8BB7B13C-E9F4-4D1B-BCCC-AF890A23ECE6}.Debug 4.0|ARM.ActiveCfg = Debug|Any CPU
		{8BB7B13C-E9F4-4D1B-BCCC-AF890A23ECE6}.Debug 4.0|ARM.Build.0 = Debug|Any CPU
		{8BB7B13C-E9F4-4D1B-BCCC-AF890A23ECE6}.Debug 4.0|x64.ActiveCfg = Debug|Any CPU
		{8BB7B13C-E9F4-4D1B-BCCC-AF890A23ECE6}.Debug 4.0|x64.Build.0 = Debug|Any CPU
		{8BB7B13C-E9F4-4D1B-BCCC-AF890A23ECE6}.Debug 4.0|x86.ActiveCfg = Debug|Any CPU
		{8BB7B13C-E9F4-4D1B-BCCC-AF890A23ECE6}.Debug 4.0|x86.Build.0 = Debug|Any CPU
		{8BB7B13C-E9F4-4D1B-BCCC-AF890A23ECE6}.Debug|Any CPU.ActiveCfg = Debug|Any CPU
		{8BB7B13C-E9F4-4D1B-BCCC-AF890A23ECE6}.Debug|Any CPU.Build.0 = Debug|Any CPU
		{8BB7B13C-E9F4-4D1B-BCCC-AF890A23ECE6}.Debug|ARM.ActiveCfg = Debug|Any CPU
		{8BB7B13C-E9F4-4D1B-BCCC-AF890A23ECE6}.Debug|ARM.Build.0 = Debug|Any CPU
		{8BB7B13C-E9F4-4D1B-BCCC-AF890A23ECE6}.Debug|x64.ActiveCfg = Debug|Any CPU
		{8BB7B13C-E9F4-4D1B-BCCC-AF890A23ECE6}.Debug|x64.Build.0 = Debug|Any CPU
		{8BB7B13C-E9F4-4D1B-BCCC-AF890A23ECE6}.Debug|x86.ActiveCfg = Debug|Any CPU
		{8BB7B13C-E9F4-4D1B-BCCC-AF890A23ECE6}.Debug|x86.Build.0 = Debug|Any CPU
		{8BB7B13C-E9F4-4D1B-BCCC-AF890A23ECE6}.Release 4.0|Any CPU.ActiveCfg = Release|Any CPU
		{8BB7B13C-E9F4-4D1B-BCCC-AF890A23ECE6}.Release 4.0|Any CPU.Build.0 = Release|Any CPU
		{8BB7B13C-E9F4-4D1B-BCCC-AF890A23ECE6}.Release 4.0|ARM.ActiveCfg = Release|Any CPU
		{8BB7B13C-E9F4-4D1B-BCCC-AF890A23ECE6}.Release 4.0|ARM.Build.0 = Release|Any CPU
		{8BB7B13C-E9F4-4D1B-BCCC-AF890A23ECE6}.Release 4.0|x64.ActiveCfg = Release|Any CPU
		{8BB7B13C-E9F4-4D1B-BCCC-AF890A23ECE6}.Release 4.0|x64.Build.0 = Release|Any CPU
		{8BB7B13C-E9F4-4D1B-BCCC-AF890A23ECE6}.Release 4.0|x86.ActiveCfg = Release|Any CPU
		{8BB7B13C-E9F4-4D1B-BCCC-AF890A23ECE6}.Release 4.0|x86.Build.0 = Release|Any CPU
		{8BB7B13C-E9F4-4D1B-BCCC-AF890A23ECE6}.Release|Any CPU.ActiveCfg = Release|Any CPU
		{8BB7B13C-E9F4-4D1B-BCCC-AF890A23ECE6}.Release|Any CPU.Build.0 = Release|Any CPU
		{8BB7B13C-E9F4-4D1B-BCCC-AF890A23ECE6}.Release|ARM.ActiveCfg = Release|Any CPU
		{8BB7B13C-E9F4-4D1B-BCCC-AF890A23ECE6}.Release|ARM.Build.0 = Release|Any CPU
		{8BB7B13C-E9F4-4D1B-BCCC-AF890A23ECE6}.Release|x64.ActiveCfg = Release|Any CPU
		{8BB7B13C-E9F4-4D1B-BCCC-AF890A23ECE6}.Release|x64.Build.0 = Release|Any CPU
		{8BB7B13C-E9F4-4D1B-BCCC-AF890A23ECE6}.Release|x86.ActiveCfg = Release|Any CPU
		{8BB7B13C-E9F4-4D1B-BCCC-AF890A23ECE6}.Release|x86.Build.0 = Release|Any CPU
		{2D265650-B1EC-4F8D-B043-A2E3DCC23FD8}.AppStore|Any CPU.ActiveCfg = Release|Any CPU
		{2D265650-B1EC-4F8D-B043-A2E3DCC23FD8}.AppStore|Any CPU.Build.0 = Release|Any CPU
		{2D265650-B1EC-4F8D-B043-A2E3DCC23FD8}.AppStore|ARM.ActiveCfg = Release|Any CPU
		{2D265650-B1EC-4F8D-B043-A2E3DCC23FD8}.AppStore|ARM.Build.0 = Release|Any CPU
		{2D265650-B1EC-4F8D-B043-A2E3DCC23FD8}.AppStore|x64.ActiveCfg = Release|Any CPU
		{2D265650-B1EC-4F8D-B043-A2E3DCC23FD8}.AppStore|x64.Build.0 = Release|Any CPU
		{2D265650-B1EC-4F8D-B043-A2E3DCC23FD8}.AppStore|x86.ActiveCfg = Release|Any CPU
		{2D265650-B1EC-4F8D-B043-A2E3DCC23FD8}.AppStore|x86.Build.0 = Release|Any CPU
		{2D265650-B1EC-4F8D-B043-A2E3DCC23FD8}.Debug 4.0|Any CPU.ActiveCfg = Debug|Any CPU
		{2D265650-B1EC-4F8D-B043-A2E3DCC23FD8}.Debug 4.0|Any CPU.Build.0 = Debug|Any CPU
		{2D265650-B1EC-4F8D-B043-A2E3DCC23FD8}.Debug 4.0|ARM.ActiveCfg = Debug|Any CPU
		{2D265650-B1EC-4F8D-B043-A2E3DCC23FD8}.Debug 4.0|ARM.Build.0 = Debug|Any CPU
		{2D265650-B1EC-4F8D-B043-A2E3DCC23FD8}.Debug 4.0|x64.ActiveCfg = Debug|Any CPU
		{2D265650-B1EC-4F8D-B043-A2E3DCC23FD8}.Debug 4.0|x64.Build.0 = Debug|Any CPU
		{2D265650-B1EC-4F8D-B043-A2E3DCC23FD8}.Debug 4.0|x86.ActiveCfg = Debug|Any CPU
		{2D265650-B1EC-4F8D-B043-A2E3DCC23FD8}.Debug 4.0|x86.Build.0 = Debug|Any CPU
		{2D265650-B1EC-4F8D-B043-A2E3DCC23FD8}.Debug|Any CPU.ActiveCfg = Debug|Any CPU
		{2D265650-B1EC-4F8D-B043-A2E3DCC23FD8}.Debug|Any CPU.Build.0 = Debug|Any CPU
		{2D265650-B1EC-4F8D-B043-A2E3DCC23FD8}.Debug|ARM.ActiveCfg = Debug|Any CPU
		{2D265650-B1EC-4F8D-B043-A2E3DCC23FD8}.Debug|ARM.Build.0 = Debug|Any CPU
		{2D265650-B1EC-4F8D-B043-A2E3DCC23FD8}.Debug|x64.ActiveCfg = Debug|Any CPU
		{2D265650-B1EC-4F8D-B043-A2E3DCC23FD8}.Debug|x64.Build.0 = Debug|Any CPU
		{2D265650-B1EC-4F8D-B043-A2E3DCC23FD8}.Debug|x86.ActiveCfg = Debug|Any CPU
		{2D265650-B1EC-4F8D-B043-A2E3DCC23FD8}.Debug|x86.Build.0 = Debug|Any CPU
		{2D265650-B1EC-4F8D-B043-A2E3DCC23FD8}.Release 4.0|Any CPU.ActiveCfg = Release|Any CPU
		{2D265650-B1EC-4F8D-B043-A2E3DCC23FD8}.Release 4.0|Any CPU.Build.0 = Release|Any CPU
		{2D265650-B1EC-4F8D-B043-A2E3DCC23FD8}.Release 4.0|ARM.ActiveCfg = Release|Any CPU
		{2D265650-B1EC-4F8D-B043-A2E3DCC23FD8}.Release 4.0|ARM.Build.0 = Release|Any CPU
		{2D265650-B1EC-4F8D-B043-A2E3DCC23FD8}.Release 4.0|x64.ActiveCfg = Release|Any CPU
		{2D265650-B1EC-4F8D-B043-A2E3DCC23FD8}.Release 4.0|x64.Build.0 = Release|Any CPU
		{2D265650-B1EC-4F8D-B043-A2E3DCC23FD8}.Release 4.0|x86.ActiveCfg = Release|Any CPU
		{2D265650-B1EC-4F8D-B043-A2E3DCC23FD8}.Release 4.0|x86.Build.0 = Release|Any CPU
		{2D265650-B1EC-4F8D-B043-A2E3DCC23FD8}.Release|Any CPU.ActiveCfg = Release|Any CPU
		{2D265650-B1EC-4F8D-B043-A2E3DCC23FD8}.Release|Any CPU.Build.0 = Release|Any CPU
		{2D265650-B1EC-4F8D-B043-A2E3DCC23FD8}.Release|ARM.ActiveCfg = Release|Any CPU
		{2D265650-B1EC-4F8D-B043-A2E3DCC23FD8}.Release|ARM.Build.0 = Release|Any CPU
		{2D265650-B1EC-4F8D-B043-A2E3DCC23FD8}.Release|x64.ActiveCfg = Release|Any CPU
		{2D265650-B1EC-4F8D-B043-A2E3DCC23FD8}.Release|x64.Build.0 = Release|Any CPU
		{2D265650-B1EC-4F8D-B043-A2E3DCC23FD8}.Release|x86.ActiveCfg = Release|Any CPU
		{2D265650-B1EC-4F8D-B043-A2E3DCC23FD8}.Release|x86.Build.0 = Release|Any CPU
		{A10B2558-D263-48E1-BCCB-3E56CF1101F4}.AppStore|Any CPU.ActiveCfg = Release|Any CPU
		{A10B2558-D263-48E1-BCCB-3E56CF1101F4}.AppStore|Any CPU.Build.0 = Release|Any CPU
		{A10B2558-D263-48E1-BCCB-3E56CF1101F4}.AppStore|ARM.ActiveCfg = Release|Any CPU
		{A10B2558-D263-48E1-BCCB-3E56CF1101F4}.AppStore|ARM.Build.0 = Release|Any CPU
		{A10B2558-D263-48E1-BCCB-3E56CF1101F4}.AppStore|x64.ActiveCfg = Release|Any CPU
		{A10B2558-D263-48E1-BCCB-3E56CF1101F4}.AppStore|x64.Build.0 = Release|Any CPU
		{A10B2558-D263-48E1-BCCB-3E56CF1101F4}.AppStore|x86.ActiveCfg = Release|Any CPU
		{A10B2558-D263-48E1-BCCB-3E56CF1101F4}.AppStore|x86.Build.0 = Release|Any CPU
		{A10B2558-D263-48E1-BCCB-3E56CF1101F4}.Debug 4.0|Any CPU.ActiveCfg = Debug|Any CPU
		{A10B2558-D263-48E1-BCCB-3E56CF1101F4}.Debug 4.0|Any CPU.Build.0 = Debug|Any CPU
		{A10B2558-D263-48E1-BCCB-3E56CF1101F4}.Debug 4.0|ARM.ActiveCfg = Debug|Any CPU
		{A10B2558-D263-48E1-BCCB-3E56CF1101F4}.Debug 4.0|ARM.Build.0 = Debug|Any CPU
		{A10B2558-D263-48E1-BCCB-3E56CF1101F4}.Debug 4.0|x64.ActiveCfg = Debug|Any CPU
		{A10B2558-D263-48E1-BCCB-3E56CF1101F4}.Debug 4.0|x64.Build.0 = Debug|Any CPU
		{A10B2558-D263-48E1-BCCB-3E56CF1101F4}.Debug 4.0|x86.ActiveCfg = Debug|Any CPU
		{A10B2558-D263-48E1-BCCB-3E56CF1101F4}.Debug 4.0|x86.Build.0 = Debug|Any CPU
		{A10B2558-D263-48E1-BCCB-3E56CF1101F4}.Debug|Any CPU.ActiveCfg = Debug|Any CPU
		{A10B2558-D263-48E1-BCCB-3E56CF1101F4}.Debug|Any CPU.Build.0 = Debug|Any CPU
		{A10B2558-D263-48E1-BCCB-3E56CF1101F4}.Debug|ARM.ActiveCfg = Debug|Any CPU
		{A10B2558-D263-48E1-BCCB-3E56CF1101F4}.Debug|ARM.Build.0 = Debug|Any CPU
		{A10B2558-D263-48E1-BCCB-3E56CF1101F4}.Debug|x64.ActiveCfg = Debug|Any CPU
		{A10B2558-D263-48E1-BCCB-3E56CF1101F4}.Debug|x64.Build.0 = Debug|Any CPU
		{A10B2558-D263-48E1-BCCB-3E56CF1101F4}.Debug|x86.ActiveCfg = Debug|Any CPU
		{A10B2558-D263-48E1-BCCB-3E56CF1101F4}.Debug|x86.Build.0 = Debug|Any CPU
		{A10B2558-D263-48E1-BCCB-3E56CF1101F4}.Release 4.0|Any CPU.ActiveCfg = Release|Any CPU
		{A10B2558-D263-48E1-BCCB-3E56CF1101F4}.Release 4.0|Any CPU.Build.0 = Release|Any CPU
		{A10B2558-D263-48E1-BCCB-3E56CF1101F4}.Release 4.0|ARM.ActiveCfg = Release|Any CPU
		{A10B2558-D263-48E1-BCCB-3E56CF1101F4}.Release 4.0|ARM.Build.0 = Release|Any CPU
		{A10B2558-D263-48E1-BCCB-3E56CF1101F4}.Release 4.0|x64.ActiveCfg = Release|Any CPU
		{A10B2558-D263-48E1-BCCB-3E56CF1101F4}.Release 4.0|x64.Build.0 = Release|Any CPU
		{A10B2558-D263-48E1-BCCB-3E56CF1101F4}.Release 4.0|x86.ActiveCfg = Release|Any CPU
		{A10B2558-D263-48E1-BCCB-3E56CF1101F4}.Release 4.0|x86.Build.0 = Release|Any CPU
		{A10B2558-D263-48E1-BCCB-3E56CF1101F4}.Release|Any CPU.ActiveCfg = Release|Any CPU
		{A10B2558-D263-48E1-BCCB-3E56CF1101F4}.Release|Any CPU.Build.0 = Release|Any CPU
		{A10B2558-D263-48E1-BCCB-3E56CF1101F4}.Release|ARM.ActiveCfg = Release|Any CPU
		{A10B2558-D263-48E1-BCCB-3E56CF1101F4}.Release|ARM.Build.0 = Release|Any CPU
		{A10B2558-D263-48E1-BCCB-3E56CF1101F4}.Release|x64.ActiveCfg = Release|Any CPU
		{A10B2558-D263-48E1-BCCB-3E56CF1101F4}.Release|x64.Build.0 = Release|Any CPU
		{A10B2558-D263-48E1-BCCB-3E56CF1101F4}.Release|x86.ActiveCfg = Release|Any CPU
		{A10B2558-D263-48E1-BCCB-3E56CF1101F4}.Release|x86.Build.0 = Release|Any CPU
	EndGlobalSection
	GlobalSection(SolutionProperties) = preSolution
		HideSolutionNode = FALSE
	EndGlobalSection
	GlobalSection(NestedProjects) = preSolution
		{3553E1B2-8F1F-4E83-9524-08E702C14FCF} = {8A0F718E-2168-4CC7-8F7B-A65508B52B0F}
		{24B6FC97-9D3D-46AE-B5CB-47458354BEE1} = {8A0F718E-2168-4CC7-8F7B-A65508B52B0F}
		{8BB7B13C-E9F4-4D1B-BCCC-AF890A23ECE6} = {8A0F718E-2168-4CC7-8F7B-A65508B52B0F}
		{2D265650-B1EC-4F8D-B043-A2E3DCC23FD8} = {8A0F718E-2168-4CC7-8F7B-A65508B52B0F}
		{A10B2558-D263-48E1-BCCB-3E56CF1101F4} = {8A0F718E-2168-4CC7-8F7B-A65508B52B0F}
	EndGlobalSection
EndGlobal
